{
  "name": "@sourceloop/workflow-ui",
  "version": "0.0.1",
  "lockfileVersion": 2,
  "requires": true,
  "packages": {
    "": {
      "name": "@sourceloop/workflow-ui",
      "version": "0.0.1",
      "dependencies": {
        "@ng-bootstrap/ng-bootstrap": "^10.0.0",
        "moment": "^2.29.4",
        "ng-multiselect-dropdown": "^0.3.9"
      },
      "devDependencies": {
        "@angular/common": "^12.1.5",
        "@angular/core": "^12.1.5",
        "@angular/forms": "~12.1.5",
        "@angular/platform-browser-dynamic": "^12.1.5",
        "@popperjs/core": "^2.11.5",
        "@types/bpmn-moddle": "^5.1.6",
        "@types/lodash": "^4.14.182",
        "bpmn-moddle": "^7.1.2",
        "lodash": "^4.17.21",
        "ngx-popperjs": "^12.1.0",
        "tslib": "^2.2.0",
        "typedoc-umlclass": "^0.6.1"
      },
      "peerDependencies": {
        "@angular/common": "^12.1.5",
        "@angular/core": "^12.1.5",
        "@angular/forms": "~12.1.5",
        "@popperjs/core": "^2.11.5",
        "bpmn-moddle": "^7.1.2",
        "lodash": "^4.17.21",
        "ngx-popperjs": "^12.1.0",
        "tslib": "^2.2.0"
      }
    },
    "node_modules/@angular/common": {
      "version": "12.1.5",
      "resolved": "https://registry.npmjs.org/@angular/common/-/common-12.1.5.tgz",
      "integrity": "sha512-xs33eMhV79S85nbH5FVmujKY3OoczloW9oOGRe5tCzxsDDv85hadrB8Mbm3qI5WQ99DNk8M2+P0MW6uiyCAWkQ==",
      "dev": true,
      "dependencies": {
        "tslib": "^2.2.0"
      },
      "engines": {
        "node": "^12.14.1 || >=14.0.0"
      },
      "peerDependencies": {
        "@angular/core": "12.1.5",
        "rxjs": "^6.5.3"
      }
    },
    "node_modules/@angular/core": {
      "version": "12.1.5",
      "resolved": "https://registry.npmjs.org/@angular/core/-/core-12.1.5.tgz",
      "integrity": "sha512-okXnhAPxfblAWSe5M/IqrSATi+ul83a9o9PWOTFR/XCVcbx+neE2IwIr1dIDKBKj91b1CFalLS+uOSkN05PNkA==",
      "dev": true,
      "dependencies": {
        "tslib": "^2.2.0"
      },
      "engines": {
        "node": "^12.14.1 || >=14.0.0"
      },
      "peerDependencies": {
        "rxjs": "^6.5.3",
        "zone.js": "~0.11.4"
      }
    },
    "node_modules/@angular/forms": {
      "version": "12.1.5",
      "resolved": "https://registry.npmjs.org/@angular/forms/-/forms-12.1.5.tgz",
      "integrity": "sha512-ABfBRCZYVbR5MUkMNrYU/ovCjXtCedk0h4phzCimGl6hBcpbumT9z/3m0TsY9sQnLq0BaCfKNklnHwCuO9mSSg==",
      "dev": true,
      "dependencies": {
        "tslib": "^2.2.0"
      },
      "engines": {
        "node": "^12.14.1 || >=14.0.0"
      },
      "peerDependencies": {
        "@angular/common": "12.1.5",
        "@angular/core": "12.1.5",
        "@angular/platform-browser": "12.1.5",
        "rxjs": "^6.5.3"
      }
    },
    "node_modules/@angular/platform-browser-dynamic": {
      "version": "12.1.5",
      "resolved": "https://registry.npmjs.org/@angular/platform-browser-dynamic/-/platform-browser-dynamic-12.1.5.tgz",
      "integrity": "sha512-4Anc2pRGRnBHzSeWMYOaEs6hUYw09N/WsOg1lHevZ8abwXyo80xOKiZa+kfgFkst0XaY8DzuDQFnj7opcEVdCQ==",
      "dev": true,
      "dependencies": {
        "tslib": "^2.2.0"
      },
      "engines": {
        "node": "^12.14.1 || >=14.0.0"
      },
      "peerDependencies": {
        "@angular/common": "12.1.5",
        "@angular/compiler": "12.1.5",
        "@angular/core": "12.1.5",
        "@angular/platform-browser": "12.1.5"
      }
    },
    "node_modules/@ng-bootstrap/ng-bootstrap": {
      "version": "10.0.0",
      "resolved": "https://registry.npmjs.org/@ng-bootstrap/ng-bootstrap/-/ng-bootstrap-10.0.0.tgz",
      "integrity": "sha512-Sz+QaxjuyJYJ+zyUbf0TevgcgVesCPQiiFiggEzxKjzY5R+Hvq3YgryLdXf2r/ryePL+C3FXCcmmKpTM5bfczQ==",
      "dependencies": {
        "tslib": "^2.1.0"
      },
      "peerDependencies": {
        "@angular/common": "^12.0.0",
        "@angular/core": "^12.0.0",
        "@angular/forms": "^12.0.0",
        "@angular/localize": "^12.0.0",
        "rxjs": "^6.5.5"
      }
    },
    "node_modules/@popperjs/core": {
      "version": "2.11.5",
      "resolved": "https://registry.npmjs.org/@popperjs/core/-/core-2.11.5.tgz",
      "integrity": "sha512-9X2obfABZuDVLCgPK9aX0a/x4jaOEweTTWE2+9sr0Qqqevj2Uv5XorvusThmc9XGYpS9yI+fhh8RTafBtGposw==",
      "dev": true,
      "funding": {
        "type": "opencollective",
        "url": "https://opencollective.com/popperjs"
      }
    },
    "node_modules/@types/bpmn-moddle": {
      "version": "5.1.6",
      "resolved": "https://registry.npmjs.org/@types/bpmn-moddle/-/bpmn-moddle-5.1.6.tgz",
      "integrity": "sha512-bPM7kJlIhhMA0IQbZxfSSYoJ4Wm+1VHnNVvQ4k+ZZqwrJXRIW4fruP/wx0QbWJ3JbGNwDEWrLc8C//d0bQxWcg==",
      "dev": true
    },
    "node_modules/@types/lodash": {
      "version": "4.14.182",
      "resolved": "https://registry.npmjs.org/@types/lodash/-/lodash-4.14.182.tgz",
      "integrity": "sha512-/THyiqyQAP9AfARo4pF+aCGcyiQ94tX/Is2I7HofNRqoYLgN1PBoOWu2/zTA5zMxzP5EFutMtWtGAFRKUe961Q==",
      "dev": true
    },
    "node_modules/binary-split": {
      "version": "1.0.5",
      "resolved": "https://registry.npmjs.org/binary-split/-/binary-split-1.0.5.tgz",
      "integrity": "sha512-AQ5fcBrUU5hoIafkEvNKqxT+2xbqlSqAXef6IdCQr5wpHu9E7NGM6rTAlYJYbtxvAvjfx8nJkBy6rNlbPPI+Pw==",
      "dev": true,
      "dependencies": {
        "through2": "^2.0.3"
      }
    },
    "node_modules/bpmn-moddle": {
      "version": "7.1.2",
      "resolved": "https://registry.npmjs.org/bpmn-moddle/-/bpmn-moddle-7.1.2.tgz",
      "integrity": "sha512-Sax4LokRCTqlg26njjULN3ZGtCmwH5gZVUZTRF0jwJk+YpMQhSfSoUECxjNv8OROoLxu8Z+MjdOHIxgvJf7KwA==",
      "dev": true,
      "dependencies": {
        "min-dash": "^3.5.2",
        "moddle": "^5.0.2",
        "moddle-xml": "^9.0.5"
      }
    },
    "node_modules/core-util-is": {
      "version": "1.0.3",
      "resolved": "https://registry.npmjs.org/core-util-is/-/core-util-is-1.0.3.tgz",
      "integrity": "sha512-ZQBvi1DcpJ4GDqanjucZ2Hj3wEO5pZDS89BWbkcrvdxksJorwUDDZamX9ldFkp9aw2lmBDLgkObEA4DWNJ9FYQ==",
      "dev": true
    },
    "node_modules/dbly-linked-list": {
      "version": "0.3.4",
      "resolved": "https://registry.npmjs.org/dbly-linked-list/-/dbly-linked-list-0.3.4.tgz",
      "integrity": "sha512-327vOlwspi9i1T3Kc9yZhRUR8qDdgMQ4HmXsFDDCQ/HTc3sNe7gnF5b0UrsnaOJ0rvmG7yBZpK0NoOux9rKYKw==",
      "dev": true,
      "dependencies": {
        "lodash.isequal": "^4.5.0"
      }
    },
    "node_modules/inherits": {
      "version": "2.0.4",
      "resolved": "https://registry.npmjs.org/inherits/-/inherits-2.0.4.tgz",
      "integrity": "sha512-k/vGaX4/Yla3WzyMCvTQOXYeIHvqOKtnqBduzTHpzpQZzAskKMhZ2K+EnBiSM9zGSoIFeMpXKxa4dYeZIQqewQ==",
      "dev": true
    },
    "node_modules/isarray": {
      "version": "1.0.0",
      "resolved": "https://registry.npmjs.org/isarray/-/isarray-1.0.0.tgz",
      "integrity": "sha512-VLghIWNM6ELQzo7zwmcg0NmTVyWKYjvIeM83yjp0wRDTmUnrM678fQbcKBo6n2CJEF0szoG//ytg+TKla89ALQ==",
      "dev": true
    },
    "node_modules/lodash": {
      "version": "4.17.21",
      "resolved": "https://registry.npmjs.org/lodash/-/lodash-4.17.21.tgz",
      "integrity": "sha512-v2kDEe57lecTulaDIuNTPy3Ry4gLGJ6Z1O3vE1krgXZNrsQ+LFTGHVxVjcXPs17LhbZVGedAJv8XZ1tvj5FvSg==",
      "dev": true
    },
    "node_modules/lodash.isequal": {
      "version": "4.5.0",
      "resolved": "https://registry.npmjs.org/lodash.isequal/-/lodash.isequal-4.5.0.tgz",
      "integrity": "sha512-pDo3lu8Jhfjqls6GkMgpahsF9kCyayhgykjyLMNFTKWrpVdAQtYyB4muAMWozBB4ig/dtWAmsMxLEI8wuz+DYQ==",
      "dev": true
    },
    "node_modules/min-dash": {
      "version": "3.8.1",
      "resolved": "https://registry.npmjs.org/min-dash/-/min-dash-3.8.1.tgz",
      "integrity": "sha512-evumdlmIlg9mbRVPbC4F5FuRhNmcMS5pvuBUbqb1G9v09Ro0ImPEgz5n3khir83lFok1inKqVDjnKEg3GpDxQg==",
      "dev": true
    },
    "node_modules/moddle": {
      "version": "5.0.3",
      "resolved": "https://registry.npmjs.org/moddle/-/moddle-5.0.3.tgz",
      "integrity": "sha512-EjnQkSaZClHMsM3H/guBy9h7AmHUICH0Pf8H1VnnYGUXy2hkZQU4gqEAyHywJzMRAhYX87pXjH2NtyigF7evkA==",
      "dev": true,
      "dependencies": {
        "min-dash": "^3.0.0"
      }
    },
    "node_modules/moddle-xml": {
      "version": "9.0.5",
      "resolved": "https://registry.npmjs.org/moddle-xml/-/moddle-xml-9.0.5.tgz",
      "integrity": "sha512-1t9N35ZMQZTYZmRDoh1mBVd0XwLB34BkBywNJ0+YlLLYxaDBjFR/I+fqwsY746ayYPBz6yNRg8JpLyFgNF+eHg==",
      "dev": true,
      "dependencies": {
        "min-dash": "^3.5.2",
        "moddle": "^5.0.2",
        "saxen": "^8.1.2"
      }
    },
    "node_modules/moment": {
      "version": "2.29.4",
      "resolved": "https://registry.npmjs.org/moment/-/moment-2.29.4.tgz",
      "integrity": "sha512-5LC9SOxjSc2HF6vO2CyuTDNivEdoz2IvyJJGj6X8DJ0eFyfszE0QiEd+iXmBvUP3WHxSjFH/vIsA0EN00cgr8w==",
      "engines": {
        "node": "*"
      }
    },
    "node_modules/ng-multiselect-dropdown": {
      "version": "0.3.9",
      "resolved": "https://registry.npmjs.org/ng-multiselect-dropdown/-/ng-multiselect-dropdown-0.3.9.tgz",
      "integrity": "sha512-y5fb8SVz8c59vEJGVe5XZ5ov6LZNoO8FqMxCBvpZKqw9tY1+f7UCDfILleOWPy8QMxO2Fpr8b+B+Az0zOS6b9g==",
      "dependencies": {
        "tslib": "^1.9.0"
      },
      "peerDependencies": {
        "@angular/common": ">=2.0.0",
        "@angular/core": ">=2.0.0"
      }
    },
    "node_modules/ng-multiselect-dropdown/node_modules/tslib": {
      "version": "1.14.1",
      "resolved": "https://registry.npmjs.org/tslib/-/tslib-1.14.1.tgz",
      "integrity": "sha512-Xni35NKzjgMrwevysHTCArtLDpPvye8zV/0E4EyYn43P7/7qvQwPh9BGkHewbMulVntbigmcT7rdX3BNo9wRJg=="
    },
    "node_modules/ngx-popperjs": {
      "version": "12.2.1",
      "resolved": "https://registry.npmjs.org/ngx-popperjs/-/ngx-popperjs-12.2.1.tgz",
      "integrity": "sha512-AIsVgn2Q1/LdcOV68VgTZKm8hShMKot28b6fT1Z/iQ3ZeR3euA08wXZDg3oBc3yibos6O3Ny3c1BubM8/9Eraw==",
      "dev": true,
      "hasInstallScript": true,
      "dependencies": {
        "tslib": "^2.2.0"
      },
      "peerDependencies": {
        "@angular/common": "^12.1.3",
        "@angular/core": "^12.1.3",
        "@popperjs/core": "^2.9.2"
      }
    },
    "node_modules/plantuml-encoder": {
      "version": "1.4.0",
      "resolved": "https://registry.npmjs.org/plantuml-encoder/-/plantuml-encoder-1.4.0.tgz",
      "integrity": "sha512-sxMwpDw/ySY1WB2CE3+IdMuEcWibJ72DDOsXLkSmEaSzwEUaYBT6DWgOfBiHGCux4q433X6+OEFWjlVqp7gL6g==",
      "dev": true
    },
    "node_modules/plantuml-pipe": {
      "version": "1.4.0",
      "resolved": "https://registry.npmjs.org/plantuml-pipe/-/plantuml-pipe-1.4.0.tgz",
      "integrity": "sha512-9FGqUG0TUwZCGFgKU7PyRxlfDqO99iFb7I40Vwk3Akt2SSdxI9Y1yicfZHeW8/3V6/4meVfCSQ/le7ldWdIX0Q==",
      "dev": true,
      "hasInstallScript": true,
      "dependencies": {
        "binary-split": "^1.0.5",
        "split2": "^4.1.0"
      }
    },
    "node_modules/process-nextick-args": {
      "version": "2.0.1",
      "resolved": "https://registry.npmjs.org/process-nextick-args/-/process-nextick-args-2.0.1.tgz",
      "integrity": "sha512-3ouUOpQhtgrbOa17J7+uxOTpITYWaGP7/AhoR3+A+/1e9skrzelGi/dXzEYyvbxubEF6Wn2ypscTKiKJFFn1ag==",
      "dev": true
    },
    "node_modules/progress": {
      "version": "2.0.3",
      "resolved": "https://registry.npmjs.org/progress/-/progress-2.0.3.tgz",
      "integrity": "sha512-7PiHtLll5LdnKIMw100I+8xJXR5gW2QwWYkT6iJva0bXitZKa/XMrSbdmg3r2Xnaidz9Qumd0VPaMrZlF9V9sA==",
      "dev": true,
      "engines": {
        "node": ">=0.4.0"
      }
    },
    "node_modules/queue-fifo": {
      "version": "0.2.6",
      "resolved": "https://registry.npmjs.org/queue-fifo/-/queue-fifo-0.2.6.tgz",
      "integrity": "sha512-rwlnZHAaTmWEGKC7ziasK8u4QnZW/uN6kSiG+tHNf/1GA+R32FArZi18s3SYUpKcA0Y6jJoUDn5GT3Anoc2mWw==",
      "dev": true,
      "dependencies": {
        "dbly-linked-list": "0.3.4"
      }
    },
    "node_modules/readable-stream": {
      "version": "2.3.7",
      "resolved": "https://registry.npmjs.org/readable-stream/-/readable-stream-2.3.7.tgz",
      "integrity": "sha512-Ebho8K4jIbHAxnuxi7o42OrZgF/ZTNcsZj6nRKyUmkhLFq8CHItp/fy6hQZuZmP/n3yZ9VBUbp4zz/mX8hmYPw==",
      "dev": true,
      "dependencies": {
        "core-util-is": "~1.0.0",
        "inherits": "~2.0.3",
        "isarray": "~1.0.0",
        "process-nextick-args": "~2.0.0",
        "safe-buffer": "~5.1.1",
        "string_decoder": "~1.1.1",
        "util-deprecate": "~1.0.1"
      }
    },
    "node_modules/safe-buffer": {
      "version": "5.1.2",
      "resolved": "https://registry.npmjs.org/safe-buffer/-/safe-buffer-5.1.2.tgz",
      "integrity": "sha512-Gd2UZBJDkXlY7GbJxfsE8/nvKkUEU1G38c1siN6QP6a9PT9MmHB8GnpscSmMJSoF8LOIrt8ud/wPtojys4G6+g==",
      "dev": true
    },
    "node_modules/saxen": {
      "version": "8.1.2",
      "resolved": "https://registry.npmjs.org/saxen/-/saxen-8.1.2.tgz",
      "integrity": "sha512-xUOiiFbc3Ow7p8KMxwsGICPx46ZQvy3+qfNVhrkwfz3Vvq45eGt98Ft5IQaA1R/7Tb5B5MKh9fUR9x3c3nDTxw==",
      "dev": true
    },
    "node_modules/split2": {
      "version": "4.1.0",
      "resolved": "https://registry.npmjs.org/split2/-/split2-4.1.0.tgz",
      "integrity": "sha512-VBiJxFkxiXRlUIeyMQi8s4hgvKCSjtknJv/LVYbrgALPwf5zSKmEwV9Lst25AkvMDnvxODugjdl6KZgwKM1WYQ==",
      "dev": true,
      "engines": {
        "node": ">= 10.x"
      }
    },
    "node_modules/string_decoder": {
      "version": "1.1.1",
      "resolved": "https://registry.npmjs.org/string_decoder/-/string_decoder-1.1.1.tgz",
      "integrity": "sha512-n/ShnvDi6FHbbVfviro+WojiFzv+s8MPMHBczVePfUpDJLwoLT0ht1l4YwBCbi8pJAveEEdnkHyPyTP/mzRfwg==",
      "dev": true,
      "dependencies": {
        "safe-buffer": "~5.1.0"
      }
    },
    "node_modules/through2": {
      "version": "2.0.5",
      "resolved": "https://registry.npmjs.org/through2/-/through2-2.0.5.tgz",
      "integrity": "sha512-/mrRod8xqpA+IHSLyGCQ2s8SPHiCDEeQJSep1jqLYeEUClOFG2Qsh+4FU6G9VeqpZnGW/Su8LQGc4YKni5rYSQ==",
      "dev": true,
      "dependencies": {
        "readable-stream": "~2.3.6",
        "xtend": "~4.0.1"
      }
    },
    "node_modules/tslib": {
      "version": "2.4.0",
      "resolved": "https://registry.npmjs.org/tslib/-/tslib-2.4.0.tgz",
      "integrity": "sha512-d6xOpEDfsi2CZVlPQzGeux8XMwLT9hssAsaPYExaQMuYskwb+x1x7J371tWlbBdWHroy99KnVB6qIkUbs5X3UQ=="
    },
    "node_modules/typedoc-umlclass": {
      "version": "0.6.1",
      "resolved": "https://registry.npmjs.org/typedoc-umlclass/-/typedoc-umlclass-0.6.1.tgz",
      "integrity": "sha512-e4KecqOfuZKhpgad60U51U7ytrZBj8eYd5FWLXEccP53NZdAJwIkYzTKel/wMEt2n3UIl2G3Kuo7r5wbmYe98g==",
      "dev": true,
      "dependencies": {
        "plantuml-encoder": "^1.4.0",
        "plantuml-pipe": "^1.4.0",
        "progress": "^2.0.3",
        "queue-fifo": "^0.2.6"
      },
      "peerDependencies": {
        "typedoc": "0.22.x"
      }
    },
    "node_modules/util-deprecate": {
      "version": "1.0.2",
      "resolved": "https://registry.npmjs.org/util-deprecate/-/util-deprecate-1.0.2.tgz",
      "integrity": "sha512-EPD5q1uXyFxJpCrLnCc1nHnq3gOa6DZBocAIiI2TaSCA7VCJ1UJDMagCzIkXNsUYfD1daK//LTEQ8xiIbrHtcw==",
      "dev": true
    },
    "node_modules/xtend": {
      "version": "4.0.2",
      "resolved": "https://registry.npmjs.org/xtend/-/xtend-4.0.2.tgz",
      "integrity": "sha512-LKYU1iAXJXUgAXn9URjiu+MWhyUXHsvfp7mcuYm9dSUKK0/CjtrUwFAxD82/mCWbtLsGjFIad0wIsod4zrTAEQ==",
      "dev": true,
      "engines": {
        "node": ">=0.4"
      }
    }
  },
  "dependencies": {
    "@angular/common": {
      "version": "12.1.5",
      "resolved": "https://registry.npmjs.org/@angular/common/-/common-12.1.5.tgz",
      "integrity": "sha512-xs33eMhV79S85nbH5FVmujKY3OoczloW9oOGRe5tCzxsDDv85hadrB8Mbm3qI5WQ99DNk8M2+P0MW6uiyCAWkQ==",
      "dev": true,
      "requires": {
        "tslib": "^2.2.0"
      }
    },
    "@angular/core": {
      "version": "12.1.5",
      "resolved": "https://registry.npmjs.org/@angular/core/-/core-12.1.5.tgz",
      "integrity": "sha512-okXnhAPxfblAWSe5M/IqrSATi+ul83a9o9PWOTFR/XCVcbx+neE2IwIr1dIDKBKj91b1CFalLS+uOSkN05PNkA==",
      "dev": true,
      "requires": {
        "tslib": "^2.2.0"
      }
    },
    "@angular/forms": {
      "version": "12.1.5",
      "resolved": "https://registry.npmjs.org/@angular/forms/-/forms-12.1.5.tgz",
      "integrity": "sha512-ABfBRCZYVbR5MUkMNrYU/ovCjXtCedk0h4phzCimGl6hBcpbumT9z/3m0TsY9sQnLq0BaCfKNklnHwCuO9mSSg==",
      "dev": true,
      "requires": {
        "tslib": "^2.2.0"
      }
    },
    "@angular/platform-browser-dynamic": {
      "version": "12.1.5",
      "resolved": "https://registry.npmjs.org/@angular/platform-browser-dynamic/-/platform-browser-dynamic-12.1.5.tgz",
      "integrity": "sha512-4Anc2pRGRnBHzSeWMYOaEs6hUYw09N/WsOg1lHevZ8abwXyo80xOKiZa+kfgFkst0XaY8DzuDQFnj7opcEVdCQ==",
      "dev": true,
      "requires": {
        "tslib": "^2.2.0"
      }
    },
    "@ng-bootstrap/ng-bootstrap": {
      "version": "10.0.0",
      "resolved": "https://registry.npmjs.org/@ng-bootstrap/ng-bootstrap/-/ng-bootstrap-10.0.0.tgz",
      "integrity": "sha512-Sz+QaxjuyJYJ+zyUbf0TevgcgVesCPQiiFiggEzxKjzY5R+Hvq3YgryLdXf2r/ryePL+C3FXCcmmKpTM5bfczQ==",
      "requires": {
        "tslib": "^2.1.0"
      }
    },
    "@popperjs/core": {
      "version": "2.11.5",
      "resolved": "https://registry.npmjs.org/@popperjs/core/-/core-2.11.5.tgz",
      "integrity": "sha512-9X2obfABZuDVLCgPK9aX0a/x4jaOEweTTWE2+9sr0Qqqevj2Uv5XorvusThmc9XGYpS9yI+fhh8RTafBtGposw==",
      "dev": true
    },
    "@types/bpmn-moddle": {
      "version": "5.1.6",
      "resolved": "https://registry.npmjs.org/@types/bpmn-moddle/-/bpmn-moddle-5.1.6.tgz",
      "integrity": "sha512-bPM7kJlIhhMA0IQbZxfSSYoJ4Wm+1VHnNVvQ4k+ZZqwrJXRIW4fruP/wx0QbWJ3JbGNwDEWrLc8C//d0bQxWcg==",
      "dev": true
    },
    "@types/lodash": {
      "version": "4.14.182",
      "resolved": "https://registry.npmjs.org/@types/lodash/-/lodash-4.14.182.tgz",
      "integrity": "sha512-/THyiqyQAP9AfARo4pF+aCGcyiQ94tX/Is2I7HofNRqoYLgN1PBoOWu2/zTA5zMxzP5EFutMtWtGAFRKUe961Q==",
      "dev": true
    },
    "binary-split": {
      "version": "1.0.5",
      "resolved": "https://registry.npmjs.org/binary-split/-/binary-split-1.0.5.tgz",
      "integrity": "sha512-AQ5fcBrUU5hoIafkEvNKqxT+2xbqlSqAXef6IdCQr5wpHu9E7NGM6rTAlYJYbtxvAvjfx8nJkBy6rNlbPPI+Pw==",
      "dev": true,
      "requires": {
        "through2": "^2.0.3"
      }
    },
    "bpmn-moddle": {
      "version": "7.1.2",
      "resolved": "https://registry.npmjs.org/bpmn-moddle/-/bpmn-moddle-7.1.2.tgz",
      "integrity": "sha512-Sax4LokRCTqlg26njjULN3ZGtCmwH5gZVUZTRF0jwJk+YpMQhSfSoUECxjNv8OROoLxu8Z+MjdOHIxgvJf7KwA==",
      "dev": true,
      "requires": {
        "min-dash": "^3.5.2",
        "moddle": "^5.0.2",
        "moddle-xml": "^9.0.5"
      }
    },
    "core-util-is": {
      "version": "1.0.3",
      "resolved": "https://registry.npmjs.org/core-util-is/-/core-util-is-1.0.3.tgz",
      "integrity": "sha512-ZQBvi1DcpJ4GDqanjucZ2Hj3wEO5pZDS89BWbkcrvdxksJorwUDDZamX9ldFkp9aw2lmBDLgkObEA4DWNJ9FYQ==",
      "dev": true
    },
    "dbly-linked-list": {
      "version": "0.3.4",
      "resolved": "https://registry.npmjs.org/dbly-linked-list/-/dbly-linked-list-0.3.4.tgz",
      "integrity": "sha512-327vOlwspi9i1T3Kc9yZhRUR8qDdgMQ4HmXsFDDCQ/HTc3sNe7gnF5b0UrsnaOJ0rvmG7yBZpK0NoOux9rKYKw==",
      "dev": true,
      "requires": {
        "lodash.isequal": "^4.5.0"
      }
    },
    "inherits": {
      "version": "2.0.4",
      "resolved": "https://registry.npmjs.org/inherits/-/inherits-2.0.4.tgz",
      "integrity": "sha512-k/vGaX4/Yla3WzyMCvTQOXYeIHvqOKtnqBduzTHpzpQZzAskKMhZ2K+EnBiSM9zGSoIFeMpXKxa4dYeZIQqewQ==",
      "dev": true
    },
    "isarray": {
      "version": "1.0.0",
      "resolved": "https://registry.npmjs.org/isarray/-/isarray-1.0.0.tgz",
      "integrity": "sha512-VLghIWNM6ELQzo7zwmcg0NmTVyWKYjvIeM83yjp0wRDTmUnrM678fQbcKBo6n2CJEF0szoG//ytg+TKla89ALQ==",
      "dev": true
    },
    "lodash": {
      "version": "4.17.21",
      "resolved": "https://registry.npmjs.org/lodash/-/lodash-4.17.21.tgz",
      "integrity": "sha512-v2kDEe57lecTulaDIuNTPy3Ry4gLGJ6Z1O3vE1krgXZNrsQ+LFTGHVxVjcXPs17LhbZVGedAJv8XZ1tvj5FvSg==",
      "dev": true
    },
    "lodash.isequal": {
      "version": "4.5.0",
      "resolved": "https://registry.npmjs.org/lodash.isequal/-/lodash.isequal-4.5.0.tgz",
      "integrity": "sha512-pDo3lu8Jhfjqls6GkMgpahsF9kCyayhgykjyLMNFTKWrpVdAQtYyB4muAMWozBB4ig/dtWAmsMxLEI8wuz+DYQ==",
      "dev": true
    },
    "min-dash": {
      "version": "3.8.1",
      "resolved": "https://registry.npmjs.org/min-dash/-/min-dash-3.8.1.tgz",
      "integrity": "sha512-evumdlmIlg9mbRVPbC4F5FuRhNmcMS5pvuBUbqb1G9v09Ro0ImPEgz5n3khir83lFok1inKqVDjnKEg3GpDxQg==",
      "dev": true
    },
    "moddle": {
      "version": "5.0.3",
      "resolved": "https://registry.npmjs.org/moddle/-/moddle-5.0.3.tgz",
      "integrity": "sha512-EjnQkSaZClHMsM3H/guBy9h7AmHUICH0Pf8H1VnnYGUXy2hkZQU4gqEAyHywJzMRAhYX87pXjH2NtyigF7evkA==",
      "dev": true,
      "requires": {
        "min-dash": "^3.0.0"
      }
    },
    "moddle-xml": {
      "version": "9.0.5",
      "resolved": "https://registry.npmjs.org/moddle-xml/-/moddle-xml-9.0.5.tgz",
      "integrity": "sha512-1t9N35ZMQZTYZmRDoh1mBVd0XwLB34BkBywNJ0+YlLLYxaDBjFR/I+fqwsY746ayYPBz6yNRg8JpLyFgNF+eHg==",
      "dev": true,
      "requires": {
        "min-dash": "^3.5.2",
        "moddle": "^5.0.2",
        "saxen": "^8.1.2"
      }
    },
    "moment": {
      "version": "2.29.4",
      "resolved": "https://registry.npmjs.org/moment/-/moment-2.29.4.tgz",
      "integrity": "sha512-5LC9SOxjSc2HF6vO2CyuTDNivEdoz2IvyJJGj6X8DJ0eFyfszE0QiEd+iXmBvUP3WHxSjFH/vIsA0EN00cgr8w=="
    },
    "ng-multiselect-dropdown": {
      "version": "0.3.9",
      "resolved": "https://registry.npmjs.org/ng-multiselect-dropdown/-/ng-multiselect-dropdown-0.3.9.tgz",
      "integrity": "sha512-y5fb8SVz8c59vEJGVe5XZ5ov6LZNoO8FqMxCBvpZKqw9tY1+f7UCDfILleOWPy8QMxO2Fpr8b+B+Az0zOS6b9g==",
      "requires": {
        "tslib": "^1.9.0"
      },
      "dependencies": {
        "tslib": {
          "version": "1.14.1",
          "resolved": "https://registry.npmjs.org/tslib/-/tslib-1.14.1.tgz",
          "integrity": "sha512-Xni35NKzjgMrwevysHTCArtLDpPvye8zV/0E4EyYn43P7/7qvQwPh9BGkHewbMulVntbigmcT7rdX3BNo9wRJg=="
        }
      }
    },
    "ngx-popperjs": {
      "version": "12.2.1",
      "resolved": "https://registry.npmjs.org/ngx-popperjs/-/ngx-popperjs-12.2.1.tgz",
      "integrity": "sha512-AIsVgn2Q1/LdcOV68VgTZKm8hShMKot28b6fT1Z/iQ3ZeR3euA08wXZDg3oBc3yibos6O3Ny3c1BubM8/9Eraw==",
      "dev": true,
      "requires": {
        "tslib": "^2.2.0"
      }
    },
    "plantuml-encoder": {
      "version": "1.4.0",
      "resolved": "https://registry.npmjs.org/plantuml-encoder/-/plantuml-encoder-1.4.0.tgz",
      "integrity": "sha512-sxMwpDw/ySY1WB2CE3+IdMuEcWibJ72DDOsXLkSmEaSzwEUaYBT6DWgOfBiHGCux4q433X6+OEFWjlVqp7gL6g==",
      "dev": true
    },
    "plantuml-pipe": {
      "version": "1.4.0",
      "resolved": "https://registry.npmjs.org/plantuml-pipe/-/plantuml-pipe-1.4.0.tgz",
      "integrity": "sha512-9FGqUG0TUwZCGFgKU7PyRxlfDqO99iFb7I40Vwk3Akt2SSdxI9Y1yicfZHeW8/3V6/4meVfCSQ/le7ldWdIX0Q==",
      "dev": true,
      "requires": {
        "binary-split": "^1.0.5",
        "split2": "^4.1.0"
      }
    },
    "process-nextick-args": {
      "version": "2.0.1",
      "resolved": "https://registry.npmjs.org/process-nextick-args/-/process-nextick-args-2.0.1.tgz",
      "integrity": "sha512-3ouUOpQhtgrbOa17J7+uxOTpITYWaGP7/AhoR3+A+/1e9skrzelGi/dXzEYyvbxubEF6Wn2ypscTKiKJFFn1ag==",
      "dev": true
    },
    "progress": {
      "version": "2.0.3",
      "resolved": "https://registry.npmjs.org/progress/-/progress-2.0.3.tgz",
      "integrity": "sha512-7PiHtLll5LdnKIMw100I+8xJXR5gW2QwWYkT6iJva0bXitZKa/XMrSbdmg3r2Xnaidz9Qumd0VPaMrZlF9V9sA==",
      "dev": true
    },
    "queue-fifo": {
      "version": "0.2.6",
      "resolved": "https://registry.npmjs.org/queue-fifo/-/queue-fifo-0.2.6.tgz",
      "integrity": "sha512-rwlnZHAaTmWEGKC7ziasK8u4QnZW/uN6kSiG+tHNf/1GA+R32FArZi18s3SYUpKcA0Y6jJoUDn5GT3Anoc2mWw==",
      "dev": true,
      "requires": {
        "dbly-linked-list": "0.3.4"
      }
    },
    "readable-stream": {
      "version": "2.3.7",
      "resolved": "https://registry.npmjs.org/readable-stream/-/readable-stream-2.3.7.tgz",
      "integrity": "sha512-Ebho8K4jIbHAxnuxi7o42OrZgF/ZTNcsZj6nRKyUmkhLFq8CHItp/fy6hQZuZmP/n3yZ9VBUbp4zz/mX8hmYPw==",
      "dev": true,
      "requires": {
        "core-util-is": "~1.0.0",
        "inherits": "~2.0.3",
        "isarray": "~1.0.0",
        "process-nextick-args": "~2.0.0",
        "safe-buffer": "~5.1.1",
        "string_decoder": "~1.1.1",
        "util-deprecate": "~1.0.1"
      }
    },
    "safe-buffer": {
      "version": "5.1.2",
      "resolved": "https://registry.npmjs.org/safe-buffer/-/safe-buffer-5.1.2.tgz",
      "integrity": "sha512-Gd2UZBJDkXlY7GbJxfsE8/nvKkUEU1G38c1siN6QP6a9PT9MmHB8GnpscSmMJSoF8LOIrt8ud/wPtojys4G6+g==",
      "dev": true
    },
    "saxen": {
      "version": "8.1.2",
      "resolved": "https://registry.npmjs.org/saxen/-/saxen-8.1.2.tgz",
      "integrity": "sha512-xUOiiFbc3Ow7p8KMxwsGICPx46ZQvy3+qfNVhrkwfz3Vvq45eGt98Ft5IQaA1R/7Tb5B5MKh9fUR9x3c3nDTxw==",
      "dev": true
    },
    "split2": {
      "version": "4.1.0",
      "resolved": "https://registry.npmjs.org/split2/-/split2-4.1.0.tgz",
      "integrity": "sha512-VBiJxFkxiXRlUIeyMQi8s4hgvKCSjtknJv/LVYbrgALPwf5zSKmEwV9Lst25AkvMDnvxODugjdl6KZgwKM1WYQ==",
      "dev": true
    },
    "string_decoder": {
      "version": "1.1.1",
      "resolved": "https://registry.npmjs.org/string_decoder/-/string_decoder-1.1.1.tgz",
      "integrity": "sha512-n/ShnvDi6FHbbVfviro+WojiFzv+s8MPMHBczVePfUpDJLwoLT0ht1l4YwBCbi8pJAveEEdnkHyPyTP/mzRfwg==",
      "dev": true,
      "requires": {
        "safe-buffer": "~5.1.0"
      }
    },
    "through2": {
      "version": "2.0.5",
      "resolved": "https://registry.npmjs.org/through2/-/through2-2.0.5.tgz",
      "integrity": "sha512-/mrRod8xqpA+IHSLyGCQ2s8SPHiCDEeQJSep1jqLYeEUClOFG2Qsh+4FU6G9VeqpZnGW/Su8LQGc4YKni5rYSQ==",
      "dev": true,
      "requires": {
        "readable-stream": "~2.3.6",
        "xtend": "~4.0.1"
      }
    },
    "tslib": {
      "version": "2.4.0",
      "resolved": "https://registry.npmjs.org/tslib/-/tslib-2.4.0.tgz",
      "integrity": "sha512-d6xOpEDfsi2CZVlPQzGeux8XMwLT9hssAsaPYExaQMuYskwb+x1x7J371tWlbBdWHroy99KnVB6qIkUbs5X3UQ=="
    },
    "typedoc-umlclass": {
      "version": "0.6.1",
      "resolved": "https://registry.npmjs.org/typedoc-umlclass/-/typedoc-umlclass-0.6.1.tgz",
      "integrity": "sha512-e4KecqOfuZKhpgad60U51U7ytrZBj8eYd5FWLXEccP53NZdAJwIkYzTKel/wMEt2n3UIl2G3Kuo7r5wbmYe98g==",
      "dev": true,
      "requires": {
        "plantuml-encoder": "^1.4.0",
        "plantuml-pipe": "^1.4.0",
        "progress": "^2.0.3",
        "queue-fifo": "^0.2.6"
      }
    },
    "util-deprecate": {
      "version": "1.0.2",
      "resolved": "https://registry.npmjs.org/util-deprecate/-/util-deprecate-1.0.2.tgz",
      "integrity": "sha512-EPD5q1uXyFxJpCrLnCc1nHnq3gOa6DZBocAIiI2TaSCA7VCJ1UJDMagCzIkXNsUYfD1daK//LTEQ8xiIbrHtcw==",
      "dev": true
    },
    "xtend": {
      "version": "4.0.2",
      "resolved": "https://registry.npmjs.org/xtend/-/xtend-4.0.2.tgz",
      "integrity": "sha512-LKYU1iAXJXUgAXn9URjiu+MWhyUXHsvfp7mcuYm9dSUKK0/CjtrUwFAxD82/mCWbtLsGjFIad0wIsod4zrTAEQ==",
      "dev": true
    }
  }
}
