{
  "name": "@sourceloop/workflow-ui",
  "version": "0.0.1",
  "lockfileVersion": 1,
  "requires": true,
  "dependencies": {
    "@angular/common": {
      "version": "12.2.16",
      "resolved": "https://registry.npmjs.org/@angular/common/-/common-12.2.16.tgz",
      "integrity": "sha512-FEqTXTEsnbDInqV1yFlm97Tz1OFqZS5t0TUkm8gzXRgpIce/F/jLwAg0u1VQkgOsno6cNm0xTWPoZgu85NI4ug==",
      "dev": true,
      "requires": {
        "tslib": "^2.2.0"
      }
    },
    "@angular/core": {
      "version": "12.2.16",
      "resolved": "https://registry.npmjs.org/@angular/core/-/core-12.2.16.tgz",
      "integrity": "sha512-jsmvaRdAfng99z2a9mAmkfcsCE1wm+tBYVDxnc5JquSXznwtncjzcoc2X0J0dzrkCDvzFfpTsZ9vehylytBc+A==",
      "dev": true,
      "requires": {
        "tslib": "^2.2.0"
      }
    },
    "@angular/forms": {
      "version": "12.1.5",
      "resolved": "https://registry.npmjs.org/@angular/forms/-/forms-12.1.5.tgz",
      "integrity": "sha512-ABfBRCZYVbR5MUkMNrYU/ovCjXtCedk0h4phzCimGl6hBcpbumT9z/3m0TsY9sQnLq0BaCfKNklnHwCuO9mSSg==",
      "dev": true,
      "requires": {
        "tslib": "^2.2.0"
      }
    },
    "@popperjs/core": {
      "version": "2.11.5",
      "resolved": "https://registry.npmjs.org/@popperjs/core/-/core-2.11.5.tgz",
      "integrity": "sha512-9X2obfABZuDVLCgPK9aX0a/x4jaOEweTTWE2+9sr0Qqqevj2Uv5XorvusThmc9XGYpS9yI+fhh8RTafBtGposw==",
      "dev": true
    },
    "@types/bpmn-moddle": {
      "version": "5.1.6",
      "resolved": "https://registry.npmjs.org/@types/bpmn-moddle/-/bpmn-moddle-5.1.6.tgz",
      "integrity": "sha512-bPM7kJlIhhMA0IQbZxfSSYoJ4Wm+1VHnNVvQ4k+ZZqwrJXRIW4fruP/wx0QbWJ3JbGNwDEWrLc8C//d0bQxWcg==",
      "dev": true
    },
    "@types/lodash": {
      "version": "4.14.182",
      "resolved": "https://registry.npmjs.org/@types/lodash/-/lodash-4.14.182.tgz",
      "integrity": "sha512-/THyiqyQAP9AfARo4pF+aCGcyiQ94tX/Is2I7HofNRqoYLgN1PBoOWu2/zTA5zMxzP5EFutMtWtGAFRKUe961Q==",
      "dev": true
    },
    "bpmn-moddle": {
      "version": "7.1.2",
      "resolved": "https://registry.npmjs.org/bpmn-moddle/-/bpmn-moddle-7.1.2.tgz",
      "integrity": "sha512-Sax4LokRCTqlg26njjULN3ZGtCmwH5gZVUZTRF0jwJk+YpMQhSfSoUECxjNv8OROoLxu8Z+MjdOHIxgvJf7KwA==",
      "dev": true,
      "requires": {
        "min-dash": "^3.5.2",
        "moddle": "^5.0.2",
        "moddle-xml": "^9.0.5"
      }
    },
    "lodash": {
      "version": "4.17.21",
      "resolved": "https://registry.npmjs.org/lodash/-/lodash-4.17.21.tgz",
      "integrity": "sha512-v2kDEe57lecTulaDIuNTPy3Ry4gLGJ6Z1O3vE1krgXZNrsQ+LFTGHVxVjcXPs17LhbZVGedAJv8XZ1tvj5FvSg==",
      "dev": true
    },
    "min-dash": {
      "version": "3.8.1",
      "resolved": "https://registry.npmjs.org/min-dash/-/min-dash-3.8.1.tgz",
      "integrity": "sha512-evumdlmIlg9mbRVPbC4F5FuRhNmcMS5pvuBUbqb1G9v09Ro0ImPEgz5n3khir83lFok1inKqVDjnKEg3GpDxQg==",
      "dev": true
    },
    "moddle": {
      "version": "5.0.3",
      "resolved": "https://registry.npmjs.org/moddle/-/moddle-5.0.3.tgz",
      "integrity": "sha512-EjnQkSaZClHMsM3H/guBy9h7AmHUICH0Pf8H1VnnYGUXy2hkZQU4gqEAyHywJzMRAhYX87pXjH2NtyigF7evkA==",
      "dev": true,
      "requires": {
        "min-dash": "^3.0.0"
      }
    },
    "moddle-xml": {
      "version": "9.0.5",
      "resolved": "https://registry.npmjs.org/moddle-xml/-/moddle-xml-9.0.5.tgz",
      "integrity": "sha512-1t9N35ZMQZTYZmRDoh1mBVd0XwLB34BkBywNJ0+YlLLYxaDBjFR/I+fqwsY746ayYPBz6yNRg8JpLyFgNF+eHg==",
      "dev": true,
      "requires": {
        "min-dash": "^3.5.2",
        "moddle": "^5.0.2",
        "saxen": "^8.1.2"
      }
    },
    "ngx-popperjs": {
      "version": "12.2.1",
      "resolved": "https://registry.npmjs.org/ngx-popperjs/-/ngx-popperjs-12.2.1.tgz",
      "integrity": "sha512-AIsVgn2Q1/LdcOV68VgTZKm8hShMKot28b6fT1Z/iQ3ZeR3euA08wXZDg3oBc3yibos6O3Ny3c1BubM8/9Eraw==",
      "dev": true,
      "requires": {
        "tslib": "^2.2.0"
      }
    },
    "saxen": {
      "version": "8.1.2",
      "resolved": "https://registry.npmjs.org/saxen/-/saxen-8.1.2.tgz",
      "integrity": "sha512-xUOiiFbc3Ow7p8KMxwsGICPx46ZQvy3+qfNVhrkwfz3Vvq45eGt98Ft5IQaA1R/7Tb5B5MKh9fUR9x3c3nDTxw==",
      "dev": true
    },
    "tslib": {
      "version": "2.4.0",
      "resolved": "https://registry.npmjs.org/tslib/-/tslib-2.4.0.tgz",
      "integrity": "sha512-d6xOpEDfsi2CZVlPQzGeux8XMwLT9hssAsaPYExaQMuYskwb+x1x7J371tWlbBdWHroy99KnVB6qIkUbs5X3UQ==",
      "dev": true
    }
  }
}
