{
	"name": "@sourceloop/search-client",
	"version": "4.3.0",
	"lockfileVersion": 2,
	"requires": true,
	"packages": {
		"": {
			"name": "@sourceloop/search-client",
			"version": "1.2.4",
			"license": "MIT",
			"dependencies": {
				"tslib": "^2.2.0"
			},
			"peerDependencies": {
				"@angular/animations": "~12.1.5",
				"@angular/cdk": ">=10.2.0 <13.0.0",
				"@angular/common": "~12.1.5",
				"@angular/compiler": "~12.1.5",
				"@angular/core": "~12.1.5",
				"@angular/flex-layout": "10.0.0-beta.32 - 12.0.0-beta.35",
				"@angular/forms": "~12.1.5",
				"@angular/material": ">=10.2.0 <13.0.0",
				"@angular/platform-browser": "~12.1.5",
				"@angular/platform-browser-dynamic": "~12.1.5",
				"@angular/router": "~12.1.5",
				"rxjs": "~6.6.0",
				"zone.js": "~0.11.4"
			}
		},
		"node_modules/@angular/animations": {
			"version": "12.1.5",
			"resolved": "https://registry.npmjs.org/@angular/animations/-/animations-12.1.5.tgz",
			"integrity": "sha512-t17n8RuzkY7lYawmI01WuNWf70ttvEPknmS3sh7q2IAsBdRiLQCBmh6Hw5q0SBaQNoRWNIcUWKBwl4EmyXOtrA==",
			"peer": true,
			"dependencies": {
				"tslib": "^2.2.0"
			},
			"engines": {
				"node": "^12.14.1 || >=14.0.0"
			},
			"peerDependencies": {
				"@angular/core": "12.1.5"
			}
		},
		"node_modules/@angular/cdk": {
			"version": "12.2.13",
			"resolved": "https://registry.npmjs.org/@angular/cdk/-/cdk-12.2.13.tgz",
			"integrity": "sha512-zSKRhECyFqhingIeyRInIyTvYErt4gWo+x5DQr0b7YLUbU8DZSwWnG4w76Ke2s4U8T7ry1jpJBHoX/e8YBpGMg==",
			"peer": true,
			"dependencies": {
				"tslib": "^2.2.0"
			},
			"optionalDependencies": {
				"parse5": "^5.0.0"
			},
			"peerDependencies": {
				"@angular/common": "^12.0.0 || ^13.0.0-0",
				"@angular/core": "^12.0.0 || ^13.0.0-0",
				"rxjs": "^6.5.3 || ^7.0.0"
			}
		},
		"node_modules/@angular/common": {
			"version": "12.1.5",
			"resolved": "https://registry.npmjs.org/@angular/common/-/common-12.1.5.tgz",
			"integrity": "sha512-xs33eMhV79S85nbH5FVmujKY3OoczloW9oOGRe5tCzxsDDv85hadrB8Mbm3qI5WQ99DNk8M2+P0MW6uiyCAWkQ==",
			"peer": true,
			"dependencies": {
				"tslib": "^2.2.0"
			},
			"engines": {
				"node": "^12.14.1 || >=14.0.0"
			},
			"peerDependencies": {
				"@angular/core": "12.1.5",
				"rxjs": "^6.5.3"
			}
		},
		"node_modules/@angular/compiler": {
			"version": "12.1.5",
			"resolved": "https://registry.npmjs.org/@angular/compiler/-/compiler-12.1.5.tgz",
			"integrity": "sha512-MBrNCuTFmBiTy+sqmBYRqfBHPBJeONvRWOxHepn/CMtjHJiTZ+PHG61Chu2ySxLBuOZxAGaP4GMcqIc15G742g==",
			"peer": true,
			"dependencies": {
				"tslib": "^2.2.0"
			},
			"engines": {
				"node": "^12.14.1 || >=14.0.0"
			}
		},
		"node_modules/@angular/core": {
			"version": "12.1.5",
			"resolved": "https://registry.npmjs.org/@angular/core/-/core-12.1.5.tgz",
			"integrity": "sha512-okXnhAPxfblAWSe5M/IqrSATi+ul83a9o9PWOTFR/XCVcbx+neE2IwIr1dIDKBKj91b1CFalLS+uOSkN05PNkA==",
			"peer": true,
			"dependencies": {
				"tslib": "^2.2.0"
			},
			"engines": {
				"node": "^12.14.1 || >=14.0.0"
			},
			"peerDependencies": {
				"rxjs": "^6.5.3",
				"zone.js": "~0.11.4"
			}
		},
		"node_modules/@angular/flex-layout": {
			"version": "12.0.0-beta.35",
			"resolved": "https://registry.npmjs.org/@angular/flex-layout/-/flex-layout-12.0.0-beta.35.tgz",
			"integrity": "sha512-nPi2MGDFuCacwWHqxF/G7lUJd2X99HbLjjUvKXnyLwyCIVgH1sfS52su2wYbVYWJRqAVAB2/VMlrtW8Khr8hDA==",
			"peer": true,
			"dependencies": {
				"tslib": "^2.1.0"
			},
			"peerDependencies": {
				"@angular/cdk": "^12.0.0",
				"@angular/common": ">=12.0.0",
				"@angular/core": ">=12.0.0",
				"@angular/platform-browser": ">=12.0.0",
				"rxjs": "^6.0.0 || ^7.0.0"
			}
		},
		"node_modules/@angular/forms": {
			"version": "12.1.5",
			"resolved": "https://registry.npmjs.org/@angular/forms/-/forms-12.1.5.tgz",
			"integrity": "sha512-ABfBRCZYVbR5MUkMNrYU/ovCjXtCedk0h4phzCimGl6hBcpbumT9z/3m0TsY9sQnLq0BaCfKNklnHwCuO9mSSg==",
			"peer": true,
			"dependencies": {
				"tslib": "^2.2.0"
			},
			"engines": {
				"node": "^12.14.1 || >=14.0.0"
			},
			"peerDependencies": {
				"@angular/common": "12.1.5",
				"@angular/core": "12.1.5",
				"@angular/platform-browser": "12.1.5",
				"rxjs": "^6.5.3"
			}
		},
		"node_modules/@angular/material": {
			"version": "12.2.13",
			"resolved": "https://registry.npmjs.org/@angular/material/-/material-12.2.13.tgz",
			"integrity": "sha512-6g2GyN4qp2D+DqY2AwrQuPB3cd9gybvQVXvNRbTPXEulHr+LgGei00ySdFHFp6RvdGSMZ4i3LM1Fq3VkFxhCfQ==",
			"peer": true,
			"dependencies": {
				"tslib": "^2.2.0"
			},
			"peerDependencies": {
				"@angular/animations": "^12.0.0 || ^13.0.0-0",
				"@angular/cdk": "12.2.13",
				"@angular/common": "^12.0.0 || ^13.0.0-0",
				"@angular/core": "^12.0.0 || ^13.0.0-0",
				"@angular/forms": "^12.0.0 || ^13.0.0-0",
				"rxjs": "^6.5.3 || ^7.0.0"
			}
		},
		"node_modules/@angular/platform-browser": {
			"version": "12.1.5",
			"resolved": "https://registry.npmjs.org/@angular/platform-browser/-/platform-browser-12.1.5.tgz",
			"integrity": "sha512-UNlmvCY8cS1/WojCJtgf/EMMN8qdPV1IQa6vZ6/ChQiS38YlH+aQEOCcxtSSfMFmWjaz7j67u55vSlkvA4rApQ==",
			"peer": true,
			"dependencies": {
				"tslib": "^2.2.0"
			},
			"engines": {
				"node": "^12.14.1 || >=14.0.0"
			},
			"peerDependencies": {
				"@angular/animations": "12.1.5",
				"@angular/common": "12.1.5",
				"@angular/core": "12.1.5"
			},
			"peerDependenciesMeta": {
				"@angular/animations": {
					"optional": true
				}
			}
		},
		"node_modules/@angular/platform-browser-dynamic": {
			"version": "12.1.5",
			"resolved": "https://registry.npmjs.org/@angular/platform-browser-dynamic/-/platform-browser-dynamic-12.1.5.tgz",
			"integrity": "sha512-4Anc2pRGRnBHzSeWMYOaEs6hUYw09N/WsOg1lHevZ8abwXyo80xOKiZa+kfgFkst0XaY8DzuDQFnj7opcEVdCQ==",
			"peer": true,
			"dependencies": {
				"tslib": "^2.2.0"
			},
			"engines": {
				"node": "^12.14.1 || >=14.0.0"
			},
			"peerDependencies": {
				"@angular/common": "12.1.5",
				"@angular/compiler": "12.1.5",
				"@angular/core": "12.1.5",
				"@angular/platform-browser": "12.1.5"
			}
		},
		"node_modules/@angular/router": {
			"version": "12.1.5",
			"resolved": "https://registry.npmjs.org/@angular/router/-/router-12.1.5.tgz",
			"integrity": "sha512-ZZFLcaenVFKCyaxD3mU4cuV4RNFwCEN6JLWmkOFkwIt01RVJcvPaPxiv4pfQf5hnk2HeSciMA0J+UIzSu5YKMA==",
			"peer": true,
			"dependencies": {
				"tslib": "^2.2.0"
			},
			"engines": {
				"node": "^12.14.1 || >=14.0.0"
			},
			"peerDependencies": {
				"@angular/common": "12.1.5",
				"@angular/core": "12.1.5",
				"@angular/platform-browser": "12.1.5",
				"rxjs": "^6.5.3"
			}
		},
		"node_modules/parse5": {
			"version": "5.1.1",
			"resolved": "https://registry.npmjs.org/parse5/-/parse5-5.1.1.tgz",
			"integrity": "sha512-ugq4DFI0Ptb+WWjAdOK16+u/nHfiIrcE+sh8kZMaM0WllQKLI9rOUq6c2b7cwPkXdzfQESqvoqK6ug7U/Yyzug==",
			"optional": true,
			"peer": true
		},
		"node_modules/rxjs": {
			"version": "6.6.7",
			"resolved": "https://registry.npmjs.org/rxjs/-/rxjs-6.6.7.tgz",
			"integrity": "sha512-hTdwr+7yYNIT5n4AMYp85KA6yw2Va0FLa3Rguvbpa4W3I5xynaBZo41cM3XM+4Q6fRMj3sBYIR1VAmZMXYJvRQ==",
			"peer": true,
			"dependencies": {
				"tslib": "^1.9.0"
			},
			"engines": {
				"npm": ">=2.0.0"
			}
		},
		"node_modules/rxjs/node_modules/tslib": {
			"version": "1.14.1",
			"resolved": "https://registry.npmjs.org/tslib/-/tslib-1.14.1.tgz",
			"integrity": "sha512-Xni35NKzjgMrwevysHTCArtLDpPvye8zV/0E4EyYn43P7/7qvQwPh9BGkHewbMulVntbigmcT7rdX3BNo9wRJg==",
			"peer": true
		},
		"node_modules/tslib": {
			"version": "2.3.1",
			"resolved": "https://registry.npmjs.org/tslib/-/tslib-2.3.1.tgz",
			"integrity": "sha512-77EbyPPpMz+FRFRuAFlWMtmgUWGe9UOG2Z25NqCwiIjRhOf5iKGuzSe5P2w1laq+FkRy4p+PCuVkJSGkzTEKVw=="
		},
		"node_modules/zone.js": {
			"version": "0.11.4",
			"resolved": "https://registry.npmjs.org/zone.js/-/zone.js-0.11.4.tgz",
			"integrity": "sha512-DDh2Ab+A/B+9mJyajPjHFPWfYU1H+pdun4wnnk0OcQTNjem1XQSZ2CDW+rfZEUDjv5M19SBqAkjZi0x5wuB5Qw==",
			"peer": true,
			"dependencies": {
				"tslib": "^2.0.0"
			}
		}
	},
	"dependencies": {
		"@angular/animations": {
			"version": "12.1.5",
			"resolved": "https://registry.npmjs.org/@angular/animations/-/animations-12.1.5.tgz",
			"integrity": "sha512-t17n8RuzkY7lYawmI01WuNWf70ttvEPknmS3sh7q2IAsBdRiLQCBmh6Hw5q0SBaQNoRWNIcUWKBwl4EmyXOtrA==",
			"peer": true,
			"requires": {
				"tslib": "^2.2.0"
			}
		},
		"@angular/cdk": {
			"version": "12.2.13",
			"resolved": "https://registry.npmjs.org/@angular/cdk/-/cdk-12.2.13.tgz",
			"integrity": "sha512-zSKRhECyFqhingIeyRInIyTvYErt4gWo+x5DQr0b7YLUbU8DZSwWnG4w76Ke2s4U8T7ry1jpJBHoX/e8YBpGMg==",
			"peer": true,
			"requires": {
				"parse5": "^5.0.0",
				"tslib": "^2.2.0"
			}
		},
		"@angular/common": {
			"version": "12.1.5",
			"resolved": "https://registry.npmjs.org/@angular/common/-/common-12.1.5.tgz",
			"integrity": "sha512-xs33eMhV79S85nbH5FVmujKY3OoczloW9oOGRe5tCzxsDDv85hadrB8Mbm3qI5WQ99DNk8M2+P0MW6uiyCAWkQ==",
			"peer": true,
			"requires": {
				"tslib": "^2.2.0"
			}
		},
		"@angular/compiler": {
			"version": "12.1.5",
			"resolved": "https://registry.npmjs.org/@angular/compiler/-/compiler-12.1.5.tgz",
			"integrity": "sha512-MBrNCuTFmBiTy+sqmBYRqfBHPBJeONvRWOxHepn/CMtjHJiTZ+PHG61Chu2ySxLBuOZxAGaP4GMcqIc15G742g==",
			"peer": true,
			"requires": {
				"tslib": "^2.2.0"
			}
		},
		"@angular/core": {
			"version": "12.1.5",
			"resolved": "https://registry.npmjs.org/@angular/core/-/core-12.1.5.tgz",
			"integrity": "sha512-okXnhAPxfblAWSe5M/IqrSATi+ul83a9o9PWOTFR/XCVcbx+neE2IwIr1dIDKBKj91b1CFalLS+uOSkN05PNkA==",
			"peer": true,
			"requires": {
				"tslib": "^2.2.0"
			}
		},
		"@angular/flex-layout": {
			"version": "12.0.0-beta.35",
			"resolved": "https://registry.npmjs.org/@angular/flex-layout/-/flex-layout-12.0.0-beta.35.tgz",
			"integrity": "sha512-nPi2MGDFuCacwWHqxF/G7lUJd2X99HbLjjUvKXnyLwyCIVgH1sfS52su2wYbVYWJRqAVAB2/VMlrtW8Khr8hDA==",
			"peer": true,
			"requires": {
				"tslib": "^2.1.0"
			}
		},
		"@angular/forms": {
			"version": "12.1.5",
			"resolved": "https://registry.npmjs.org/@angular/forms/-/forms-12.1.5.tgz",
			"integrity": "sha512-ABfBRCZYVbR5MUkMNrYU/ovCjXtCedk0h4phzCimGl6hBcpbumT9z/3m0TsY9sQnLq0BaCfKNklnHwCuO9mSSg==",
			"peer": true,
			"requires": {
				"tslib": "^2.2.0"
			}
		},
		"@angular/material": {
			"version": "12.2.13",
			"resolved": "https://registry.npmjs.org/@angular/material/-/material-12.2.13.tgz",
			"integrity": "sha512-6g2GyN4qp2D+DqY2AwrQuPB3cd9gybvQVXvNRbTPXEulHr+LgGei00ySdFHFp6RvdGSMZ4i3LM1Fq3VkFxhCfQ==",
			"peer": true,
			"requires": {
				"tslib": "^2.2.0"
			}
		},
		"@angular/platform-browser": {
			"version": "12.1.5",
			"resolved": "https://registry.npmjs.org/@angular/platform-browser/-/platform-browser-12.1.5.tgz",
			"integrity": "sha512-UNlmvCY8cS1/WojCJtgf/EMMN8qdPV1IQa6vZ6/ChQiS38YlH+aQEOCcxtSSfMFmWjaz7j67u55vSlkvA4rApQ==",
			"peer": true,
			"requires": {
				"tslib": "^2.2.0"
			}
		},
		"@angular/platform-browser-dynamic": {
			"version": "12.1.5",
			"resolved": "https://registry.npmjs.org/@angular/platform-browser-dynamic/-/platform-browser-dynamic-12.1.5.tgz",
			"integrity": "sha512-4Anc2pRGRnBHzSeWMYOaEs6hUYw09N/WsOg1lHevZ8abwXyo80xOKiZa+kfgFkst0XaY8DzuDQFnj7opcEVdCQ==",
			"peer": true,
			"requires": {
				"tslib": "^2.2.0"
			}
		},
		"@angular/router": {
			"version": "12.1.5",
			"resolved": "https://registry.npmjs.org/@angular/router/-/router-12.1.5.tgz",
			"integrity": "sha512-ZZFLcaenVFKCyaxD3mU4cuV4RNFwCEN6JLWmkOFkwIt01RVJcvPaPxiv4pfQf5hnk2HeSciMA0J+UIzSu5YKMA==",
			"peer": true,
			"requires": {
				"tslib": "^2.2.0"
			}
		},
		"parse5": {
			"version": "5.1.1",
			"resolved": "https://registry.npmjs.org/parse5/-/parse5-5.1.1.tgz",
			"integrity": "sha512-ugq4DFI0Ptb+WWjAdOK16+u/nHfiIrcE+sh8kZMaM0WllQKLI9rOUq6c2b7cwPkXdzfQESqvoqK6ug7U/Yyzug==",
			"optional": true,
			"peer": true
		},
		"rxjs": {
			"version": "6.6.7",
			"resolved": "https://registry.npmjs.org/rxjs/-/rxjs-6.6.7.tgz",
			"integrity": "sha512-hTdwr+7yYNIT5n4AMYp85KA6yw2Va0FLa3Rguvbpa4W3I5xynaBZo41cM3XM+4Q6fRMj3sBYIR1VAmZMXYJvRQ==",
			"peer": true,
			"requires": {
				"tslib": "^1.9.0"
			},
			"dependencies": {
				"tslib": {
					"version": "1.14.1",
					"resolved": "https://registry.npmjs.org/tslib/-/tslib-1.14.1.tgz",
					"integrity": "sha512-Xni35NKzjgMrwevysHTCArtLDpPvye8zV/0E4EyYn43P7/7qvQwPh9BGkHewbMulVntbigmcT7rdX3BNo9wRJg==",
					"peer": true
				}
			}
		},
		"tslib": {
			"version": "2.3.1",
			"resolved": "https://registry.npmjs.org/tslib/-/tslib-2.3.1.tgz",
			"integrity": "sha512-77EbyPPpMz+FRFRuAFlWMtmgUWGe9UOG2Z25NqCwiIjRhOf5iKGuzSe5P2w1laq+FkRy4p+PCuVkJSGkzTEKVw=="
		},
		"zone.js": {
			"version": "0.11.4",
			"resolved": "https://registry.npmjs.org/zone.js/-/zone.js-0.11.4.tgz",
			"integrity": "sha512-DDh2Ab+A/B+9mJyajPjHFPWfYU1H+pdun4wnnk0OcQTNjem1XQSZ2CDW+rfZEUDjv5M19SBqAkjZi0x5wuB5Qw==",
			"peer": true,
			"requires": {
				"tslib": "^2.0.0"
			}
		}
	}
}
