{
  "name": "@sourceloop/search-client",
  "version": "1.2.1",
  "lockfileVersion": 1,
  "requires": true,
  "dependencies": {
    "@angular/cdk": {
      "version": "10.2.0",
      "resolved": "https://registry.npmjs.org/@angular/cdk/-/cdk-10.2.0.tgz",
      "integrity": "sha512-KYEBOuGimnWtYS8KvLz/dPWC2pzDzKh1ETkvyJCSm5yXZgNPdj1XatbGQrnQgy9vJwxjbZQ1s8P9tzWx1Dj7dg==",
      "dev": true,
      "requires": {
        "parse5": "^5.0.0",
        "tslib": "^2.0.0"
      },
      "dependencies": {
        "tslib": {
          "version": "2.3.1",
          "resolved": "https://registry.npmjs.org/tslib/-/tslib-2.3.1.tgz",
          "integrity": "sha512-77EbyPPpMz+FRFRuAFlWMtmgUWGe9UOG2Z25NqCwiIjRhOf5iKGuzSe5P2w1laq+FkRy4p+PCuVkJSGkzTEKVw==",
          "dev": true
        }
      }
    },
    "@angular/flex-layout": {
      "version": "10.0.0-beta.32",
      "resolved": "https://registry.npmjs.org/@angular/flex-layout/-/flex-layout-10.0.0-beta.32.tgz",
      "integrity": "sha512-JvuY4dUoy5jyCTIrFiq7n30Znakh1pD3nbg0h0hs2r3t1OiDQb0ZSI1wcumosG/vYHsuJQTuNhbfaIZzA1x8nA==",
      "dev": true,
      "requires": {
        "tslib": "^2.0.0"
      },
      "dependencies": {
        "tslib": {
          "version": "2.3.1",
          "resolved": "https://registry.npmjs.org/tslib/-/tslib-2.3.1.tgz",
          "integrity": "sha512-77EbyPPpMz+FRFRuAFlWMtmgUWGe9UOG2Z25NqCwiIjRhOf5iKGuzSe5P2w1laq+FkRy4p+PCuVkJSGkzTEKVw==",
          "dev": true
        }
      }
    },
    "@angular/material": {
      "version": "10.2.0",
      "resolved": "https://registry.npmjs.org/@angular/material/-/material-10.2.0.tgz",
      "integrity": "sha512-IplZVu1OpyvGYlrzkV36+5xKdwyyfl8AOykcC+jWU1MtnbTrnVmqGGF94qv7YEYN4PcVKbhSuNnz6/vPQm27ZA==",
      "dev": true,
      "requires": {
        "tslib": "^2.0.0"
      },
      "dependencies": {
        "tslib": {
          "version": "2.3.1",
          "resolved": "https://registry.npmjs.org/tslib/-/tslib-2.3.1.tgz",
          "integrity": "sha512-77EbyPPpMz+FRFRuAFlWMtmgUWGe9UOG2Z25NqCwiIjRhOf5iKGuzSe5P2w1laq+FkRy4p+PCuVkJSGkzTEKVw==",
          "dev": true
        }
      }
    },
    "parse5": {
      "version": "5.1.1",
      "resolved": "https://registry.npmjs.org/parse5/-/parse5-5.1.1.tgz",
      "integrity": "sha512-ugq4DFI0Ptb+WWjAdOK16+u/nHfiIrcE+sh8kZMaM0WllQKLI9rOUq6c2b7cwPkXdzfQESqvoqK6ug7U/Yyzug==",
      "dev": true,
      "optional": true
    }
  }
}
