{
  "name": "@sourceloop/search-client",
  "version": "5.0.3",
  "lockfileVersion": 2,
  "requires": true,
  "packages": {
    "": {
      "name": "@sourceloop/search-client",
      "version": "5.0.3",
      "license": "MIT",
      "dependencies": {
        "tslib": "^2.2.0"
      },
      "peerDependencies": {
        "@angular/animations": "~13.3.11",
        "@angular/cdk": "~13.3.9",
        "@angular/common": "~13.3.11",
        "@angular/compiler": "~13.3.11",
        "@angular/core": "~13.3.11",
        "@angular/flex-layout": "~13.0.0-beta.38",
        "@angular/forms": "~13.3.11",
        "@angular/material": "~13.3.9",
        "@angular/platform-browser": "~13.3.11",
        "@angular/platform-browser-dynamic": "~13.3.11",
        "@angular/router": "~13.3.11",
        "rxjs": "~7.5.5",
        "zone.js": "~0.11.5"
      }
    },
    "node_modules/@angular/animations": {
      "version": "13.3.11",
      "resolved": "https://registry.npmjs.org/@angular/animations/-/animations-13.3.11.tgz",
      "integrity": "sha512-KE/3RuvixHIk9YTSwaUsezsUm9Ig9Y8rZMpHOT/8bRtzPiJ5ld2GnDHjrJgyZn7TdoP4wz4YCta5eC4ycu+KCw==",
      "peer": true,
      "dependencies": {
        "tslib": "^2.3.0"
      },
      "engines": {
        "node": "^12.20.0 || ^14.15.0 || >=16.10.0"
      },
      "peerDependencies": {
        "@angular/core": "13.3.11"
      }
    },
    "node_modules/@angular/cdk": {
      "version": "13.3.9",
      "resolved": "https://registry.npmjs.org/@angular/cdk/-/cdk-13.3.9.tgz",
      "integrity": "sha512-XCuCbeuxWFyo3EYrgEYx7eHzwl76vaWcxtWXl00ka8d+WAOtMQ6Tf1D98ybYT5uwF9889fFpXAPw98mVnlo3MA==",
      "peer": true,
      "dependencies": {
        "tslib": "^2.3.0"
      },
      "optionalDependencies": {
        "parse5": "^5.0.0"
      },
      "peerDependencies": {
        "@angular/common": "^13.0.0 || ^14.0.0-0",
        "@angular/core": "^13.0.0 || ^14.0.0-0",
        "rxjs": "^6.5.3 || ^7.4.0"
      }
    },
    "node_modules/@angular/common": {
      "version": "13.3.11",
      "resolved": "https://registry.npmjs.org/@angular/common/-/common-13.3.11.tgz",
      "integrity": "sha512-gPMwDYIAag1izXm2tRQ6EOIx9FVEUqLdr+qYtRVoQtoBmfkoTSLGcpeBXqqlPVxVPbA6Li1WZZT5wxLLlLAN+Q==",
      "peer": true,
      "dependencies": {
        "tslib": "^2.3.0"
      },
      "engines": {
        "node": "^12.20.0 || ^14.15.0 || >=16.10.0"
      },
      "peerDependencies": {
        "@angular/core": "13.3.11",
        "rxjs": "^6.5.3 || ^7.4.0"
      }
    },
    "node_modules/@angular/compiler": {
      "version": "13.3.11",
      "resolved": "https://registry.npmjs.org/@angular/compiler/-/compiler-13.3.11.tgz",
      "integrity": "sha512-EV6JCBbXdHDHbPShWmymvuoxFYG0KVc8sDJpYp47WLHCY2zgZaXhvWs//Hrls3fmi+TGTekgRa2jOBBNce/Ggg==",
      "peer": true,
      "dependencies": {
        "tslib": "^2.3.0"
      },
      "engines": {
        "node": "^12.20.0 || ^14.15.0 || >=16.10.0"
      }
    },
    "node_modules/@angular/core": {
      "version": "13.3.11",
      "resolved": "https://registry.npmjs.org/@angular/core/-/core-13.3.11.tgz",
      "integrity": "sha512-9BmE2CxyV0g+AkBeuc8IwjSOiJ8Y+kptXnqD/J8EAFT3B0/fLGVnjFdZC6Sev9L0SNZb6qdzebpfIOLqbUjReQ==",
      "peer": true,
      "dependencies": {
        "tslib": "^2.3.0"
      },
      "engines": {
        "node": "^12.20.0 || ^14.15.0 || >=16.10.0"
      },
      "peerDependencies": {
        "rxjs": "^6.5.3 || ^7.4.0",
        "zone.js": "~0.11.4"
      }
    },
    "node_modules/@angular/flex-layout": {
      "version": "13.0.0-beta.38",
      "resolved": "https://registry.npmjs.org/@angular/flex-layout/-/flex-layout-13.0.0-beta.38.tgz",
      "integrity": "sha512-kcWb7CcoHbvw7fjo/knizWVmSSmvaTnr8v1ML6zOdxu1PK9UPPOcOS8RTm6fy61zoC2LABivP1/6Z2jF5XfpdQ==",
      "peer": true,
      "dependencies": {
        "tslib": "^2.3.0"
      },
      "peerDependencies": {
        "@angular/cdk": "^13.0.0",
        "@angular/common": "^13.0.0",
        "@angular/core": "^13.0.0",
        "@angular/platform-browser": "^13.0.0",
        "rxjs": "^6.5.3 || ^7.4.0"
      }
    },
    "node_modules/@angular/forms": {
      "version": "13.3.11",
      "resolved": "https://registry.npmjs.org/@angular/forms/-/forms-13.3.11.tgz",
      "integrity": "sha512-iMgTNB+Qc3TsfAZSk1FnUE6MVoddPzxhG9AKCfSlvpjFh8VmXkIjxPL3dun7J8OjayT3X+B8f7LZ9AkKNXtBKw==",
      "peer": true,
      "dependencies": {
        "tslib": "^2.3.0"
      },
      "engines": {
        "node": "^12.20.0 || ^14.15.0 || >=16.10.0"
      },
      "peerDependencies": {
        "@angular/common": "13.3.11",
        "@angular/core": "13.3.11",
        "@angular/platform-browser": "13.3.11",
        "rxjs": "^6.5.3 || ^7.4.0"
      }
    },
    "node_modules/@angular/material": {
      "version": "13.3.9",
      "resolved": "https://registry.npmjs.org/@angular/material/-/material-13.3.9.tgz",
      "integrity": "sha512-FU8lcMgo+AL8ckd27B4V097ZPoIZNRHiCe3wpgkImT1qC0YwcyXZVn0MqQTTFSdC9a/aI8wPm3AbTClJEVw5Vw==",
      "peer": true,
      "dependencies": {
        "tslib": "^2.3.0"
      },
      "peerDependencies": {
        "@angular/animations": "^13.0.0 || ^14.0.0-0",
        "@angular/cdk": "13.3.9",
        "@angular/common": "^13.0.0 || ^14.0.0-0",
        "@angular/core": "^13.0.0 || ^14.0.0-0",
        "@angular/forms": "^13.0.0 || ^14.0.0-0",
        "@angular/platform-browser": "^13.0.0 || ^14.0.0-0",
        "rxjs": "^6.5.3 || ^7.4.0"
      }
    },
    "node_modules/@angular/platform-browser": {
      "version": "13.3.11",
      "resolved": "https://registry.npmjs.org/@angular/platform-browser/-/platform-browser-13.3.11.tgz",
      "integrity": "sha512-PG3chCErARb6wNzkOed2NsZmgvTmbumRx/6sMXqGkDKXYQm0JULnl4X42Rn+JCgJ9DLJi5/jrd1dbcBCrKk9Vg==",
      "peer": true,
      "dependencies": {
        "tslib": "^2.3.0"
      },
      "engines": {
        "node": "^12.20.0 || ^14.15.0 || >=16.10.0"
      },
      "peerDependencies": {
        "@angular/animations": "13.3.11",
        "@angular/common": "13.3.11",
        "@angular/core": "13.3.11"
      },
      "peerDependenciesMeta": {
        "@angular/animations": {
          "optional": true
        }
      }
    },
    "node_modules/@angular/platform-browser-dynamic": {
      "version": "13.3.11",
      "resolved": "https://registry.npmjs.org/@angular/platform-browser-dynamic/-/platform-browser-dynamic-13.3.11.tgz",
      "integrity": "sha512-xM0VRC1Nw//SHO3gkghUHyjCaaQbk1UYMq4vIu3iKVq9KLqOSZgccv0NcOKHzXXN3S5RgX2auuyOUOCD6ny1Pg==",
      "peer": true,
      "dependencies": {
        "tslib": "^2.3.0"
      },
      "engines": {
        "node": "^12.20.0 || ^14.15.0 || >=16.10.0"
      },
      "peerDependencies": {
        "@angular/common": "13.3.11",
        "@angular/compiler": "13.3.11",
        "@angular/core": "13.3.11",
        "@angular/platform-browser": "13.3.11"
      }
    },
    "node_modules/@angular/router": {
      "version": "13.3.11",
      "resolved": "https://registry.npmjs.org/@angular/router/-/router-13.3.11.tgz",
      "integrity": "sha512-bJTcxDYKEyoqtsi1kJcDJWLmEN+dXpwhU07SsqUwfyN4V5fYF1ApDhpJ4c17hNdjEqe106srT9tiHXhmWayhmQ==",
      "peer": true,
      "dependencies": {
        "tslib": "^2.3.0"
      },
      "engines": {
        "node": "^12.20.0 || ^14.15.0 || >=16.10.0"
      },
      "peerDependencies": {
        "@angular/common": "13.3.11",
        "@angular/core": "13.3.11",
        "@angular/platform-browser": "13.3.11",
        "rxjs": "^6.5.3 || ^7.4.0"
      }
    },
    "node_modules/parse5": {
      "version": "5.1.1",
      "resolved": "https://registry.npmjs.org/parse5/-/parse5-5.1.1.tgz",
      "integrity": "sha512-ugq4DFI0Ptb+WWjAdOK16+u/nHfiIrcE+sh8kZMaM0WllQKLI9rOUq6c2b7cwPkXdzfQESqvoqK6ug7U/Yyzug==",
      "optional": true,
      "peer": true
    },
    "node_modules/rxjs": {
      "version": "7.5.6",
      "resolved": "https://registry.npmjs.org/rxjs/-/rxjs-7.5.6.tgz",
      "integrity": "sha512-dnyv2/YsXhnm461G+R/Pe5bWP41Nm6LBXEYWI6eiFP4fiwx6WRI/CD0zbdVAudd9xwLEF2IDcKXLHit0FYjUzw==",
      "peer": true,
      "dependencies": {
        "tslib": "^2.1.0"
      }
    },
    "node_modules/tslib": {
      "version": "2.4.0",
      "resolved": "https://registry.npmjs.org/tslib/-/tslib-2.4.0.tgz",
      "integrity": "sha512-d6xOpEDfsi2CZVlPQzGeux8XMwLT9hssAsaPYExaQMuYskwb+x1x7J371tWlbBdWHroy99KnVB6qIkUbs5X3UQ=="
    },
    "node_modules/zone.js": {
      "version": "0.11.8",
      "resolved": "https://registry.npmjs.org/zone.js/-/zone.js-0.11.8.tgz",
      "integrity": "sha512-82bctBg2hKcEJ21humWIkXRlLBBmrc3nN7DFh5LGGhcyycO2S7FN8NmdvlcKaGFDNVL4/9kFLmwmInTavdJERA==",
      "peer": true,
      "dependencies": {
        "tslib": "^2.3.0"
      }
    }
  },
  "dependencies": {
    "@angular/animations": {
      "version": "13.3.11",
      "resolved": "https://registry.npmjs.org/@angular/animations/-/animations-13.3.11.tgz",
      "integrity": "sha512-KE/3RuvixHIk9YTSwaUsezsUm9Ig9Y8rZMpHOT/8bRtzPiJ5ld2GnDHjrJgyZn7TdoP4wz4YCta5eC4ycu+KCw==",
      "peer": true,
      "requires": {
        "tslib": "^2.3.0"
      }
    },
    "@angular/cdk": {
      "version": "13.3.9",
      "resolved": "https://registry.npmjs.org/@angular/cdk/-/cdk-13.3.9.tgz",
      "integrity": "sha512-XCuCbeuxWFyo3EYrgEYx7eHzwl76vaWcxtWXl00ka8d+WAOtMQ6Tf1D98ybYT5uwF9889fFpXAPw98mVnlo3MA==",
      "peer": true,
      "requires": {
        "parse5": "^5.0.0",
        "tslib": "^2.3.0"
      }
    },
    "@angular/common": {
      "version": "13.3.11",
      "resolved": "https://registry.npmjs.org/@angular/common/-/common-13.3.11.tgz",
      "integrity": "sha512-gPMwDYIAag1izXm2tRQ6EOIx9FVEUqLdr+qYtRVoQtoBmfkoTSLGcpeBXqqlPVxVPbA6Li1WZZT5wxLLlLAN+Q==",
      "peer": true,
      "requires": {
        "tslib": "^2.3.0"
      }
    },
    "@angular/compiler": {
      "version": "13.3.11",
      "resolved": "https://registry.npmjs.org/@angular/compiler/-/compiler-13.3.11.tgz",
      "integrity": "sha512-EV6JCBbXdHDHbPShWmymvuoxFYG0KVc8sDJpYp47WLHCY2zgZaXhvWs//Hrls3fmi+TGTekgRa2jOBBNce/Ggg==",
      "peer": true,
      "requires": {
        "tslib": "^2.3.0"
      }
    },
    "@angular/core": {
      "version": "13.3.11",
      "resolved": "https://registry.npmjs.org/@angular/core/-/core-13.3.11.tgz",
      "integrity": "sha512-9BmE2CxyV0g+AkBeuc8IwjSOiJ8Y+kptXnqD/J8EAFT3B0/fLGVnjFdZC6Sev9L0SNZb6qdzebpfIOLqbUjReQ==",
      "peer": true,
      "requires": {
        "tslib": "^2.3.0"
      }
    },
    "@angular/flex-layout": {
      "version": "13.0.0-beta.38",
      "resolved": "https://registry.npmjs.org/@angular/flex-layout/-/flex-layout-13.0.0-beta.38.tgz",
      "integrity": "sha512-kcWb7CcoHbvw7fjo/knizWVmSSmvaTnr8v1ML6zOdxu1PK9UPPOcOS8RTm6fy61zoC2LABivP1/6Z2jF5XfpdQ==",
      "peer": true,
      "requires": {
        "tslib": "^2.3.0"
      }
    },
    "@angular/forms": {
      "version": "13.3.11",
      "resolved": "https://registry.npmjs.org/@angular/forms/-/forms-13.3.11.tgz",
      "integrity": "sha512-iMgTNB+Qc3TsfAZSk1FnUE6MVoddPzxhG9AKCfSlvpjFh8VmXkIjxPL3dun7J8OjayT3X+B8f7LZ9AkKNXtBKw==",
      "peer": true,
      "requires": {
        "tslib": "^2.3.0"
      }
    },
    "@angular/material": {
      "version": "13.3.9",
      "resolved": "https://registry.npmjs.org/@angular/material/-/material-13.3.9.tgz",
      "integrity": "sha512-FU8lcMgo+AL8ckd27B4V097ZPoIZNRHiCe3wpgkImT1qC0YwcyXZVn0MqQTTFSdC9a/aI8wPm3AbTClJEVw5Vw==",
      "peer": true,
      "requires": {
        "tslib": "^2.3.0"
      }
    },
    "@angular/platform-browser": {
      "version": "13.3.11",
      "resolved": "https://registry.npmjs.org/@angular/platform-browser/-/platform-browser-13.3.11.tgz",
      "integrity": "sha512-PG3chCErARb6wNzkOed2NsZmgvTmbumRx/6sMXqGkDKXYQm0JULnl4X42Rn+JCgJ9DLJi5/jrd1dbcBCrKk9Vg==",
      "peer": true,
      "requires": {
        "tslib": "^2.3.0"
      }
    },
    "@angular/platform-browser-dynamic": {
      "version": "13.3.11",
      "resolved": "https://registry.npmjs.org/@angular/platform-browser-dynamic/-/platform-browser-dynamic-13.3.11.tgz",
      "integrity": "sha512-xM0VRC1Nw//SHO3gkghUHyjCaaQbk1UYMq4vIu3iKVq9KLqOSZgccv0NcOKHzXXN3S5RgX2auuyOUOCD6ny1Pg==",
      "peer": true,
      "requires": {
        "tslib": "^2.3.0"
      }
    },
    "@angular/router": {
      "version": "13.3.11",
      "resolved": "https://registry.npmjs.org/@angular/router/-/router-13.3.11.tgz",
      "integrity": "sha512-bJTcxDYKEyoqtsi1kJcDJWLmEN+dXpwhU07SsqUwfyN4V5fYF1ApDhpJ4c17hNdjEqe106srT9tiHXhmWayhmQ==",
      "peer": true,
      "requires": {
        "tslib": "^2.3.0"
      }
    },
    "parse5": {
      "version": "5.1.1",
      "resolved": "https://registry.npmjs.org/parse5/-/parse5-5.1.1.tgz",
      "integrity": "sha512-ugq4DFI0Ptb+WWjAdOK16+u/nHfiIrcE+sh8kZMaM0WllQKLI9rOUq6c2b7cwPkXdzfQESqvoqK6ug7U/Yyzug==",
      "optional": true,
      "peer": true
    },
    "rxjs": {
      "version": "7.5.6",
      "resolved": "https://registry.npmjs.org/rxjs/-/rxjs-7.5.6.tgz",
      "integrity": "sha512-dnyv2/YsXhnm461G+R/Pe5bWP41Nm6LBXEYWI6eiFP4fiwx6WRI/CD0zbdVAudd9xwLEF2IDcKXLHit0FYjUzw==",
      "peer": true,
      "requires": {
        "tslib": "^2.1.0"
      }
    },
    "tslib": {
      "version": "2.4.0",
      "resolved": "https://registry.npmjs.org/tslib/-/tslib-2.4.0.tgz",
      "integrity": "sha512-d6xOpEDfsi2CZVlPQzGeux8XMwLT9hssAsaPYExaQMuYskwb+x1x7J371tWlbBdWHroy99KnVB6qIkUbs5X3UQ=="
    },
    "zone.js": {
      "version": "0.11.8",
      "resolved": "https://registry.npmjs.org/zone.js/-/zone.js-0.11.8.tgz",
      "integrity": "sha512-82bctBg2hKcEJ21humWIkXRlLBBmrc3nN7DFh5LGGhcyycO2S7FN8NmdvlcKaGFDNVL4/9kFLmwmInTavdJERA==",
      "peer": true,
      "requires": {
        "tslib": "^2.3.0"
      }
    }
  }
}
