{
  "name": "@sourceloop/user-onboarding-client",
  "version": "4.0.2",
  "lockfileVersion": 2,
  "requires": true,
  "packages": {
    "": {
      "name": "@sourceloop/user-onboarding-client",
      "version": "4.0.2",
      "license": "MIT",
      "dependencies": {
        "tslib": "^2.3.0"
      },
      "devDependencies": {
        "@types/core-js": "2.5.5"
      },
      "peerDependencies": {
        "@angular/common": "13.3.0",
        "@angular/core": "13.3.0",
        "@angular/router": "13.3.0",
        "ngx-webstorage-service": "5.0.0",
        "rxjs": "7.5.0",
        "shepherd.js": "11.0.1",
        "uuid": "9.0.0"
      }
    },
    "node_modules/@angular/common": {
      "version": "13.3.0",
      "resolved": "https://registry.npmjs.org/@angular/common/-/common-13.3.0.tgz",
      "integrity": "sha512-yl09TWBmz++Z3MKjzZIwU2wZHiedCn1DjGILjjNXegHFOfINRHiqLhHca4kGWFcTsdvcuEhd9Hk9JATqi45rjg==",
      "peer": true,
      "dependencies": {
        "tslib": "^2.3.0"
      },
      "engines": {
        "node": "^12.20.0 || ^14.15.0 || >=16.10.0"
      },
      "peerDependencies": {
        "@angular/core": "13.3.0",
        "rxjs": "^6.5.3 || ^7.4.0"
      }
    },
    "node_modules/@angular/core": {
      "version": "13.3.0",
      "resolved": "https://registry.npmjs.org/@angular/core/-/core-13.3.0.tgz",
      "integrity": "sha512-ZnuIMEK8YFBtthNqrxapYolMp6qRy4Yp/VG+M11YNiuBp/BoYYDjTaknwO8vu36Cn6372zWjcibsknkZMjdBkg==",
      "peer": true,
      "dependencies": {
        "tslib": "^2.3.0"
      },
      "engines": {
        "node": "^12.20.0 || ^14.15.0 || >=16.10.0"
      },
      "peerDependencies": {
        "rxjs": "^6.5.3 || ^7.4.0",
        "zone.js": "~0.11.4"
      }
    },
    "node_modules/@angular/platform-browser": {
      "version": "13.3.0",
      "resolved": "https://registry.npmjs.org/@angular/platform-browser/-/platform-browser-13.3.0.tgz",
      "integrity": "sha512-OgNVgRtqTPxzItZbJVe4NmSYKDLEKQYjGulStWl4ycQTsOKteF+sJi8gU5BvEU/KQNZItYnIQxMqTsFyS7xlRQ==",
      "peer": true,
      "dependencies": {
        "tslib": "^2.3.0"
      },
      "engines": {
        "node": "^12.20.0 || ^14.15.0 || >=16.10.0"
      },
      "peerDependencies": {
        "@angular/animations": "13.3.0",
        "@angular/common": "13.3.0",
        "@angular/core": "13.3.0"
      },
      "peerDependenciesMeta": {
        "@angular/animations": {
          "optional": true
        }
      }
    },
    "node_modules/@angular/router": {
      "version": "13.3.0",
      "resolved": "https://registry.npmjs.org/@angular/router/-/router-13.3.0.tgz",
      "integrity": "sha512-Kz657mtycup+s9emRH66etkBobAF26h3UDXE9pnjUM6MuVTA38P31WyTWKyWJVk8Oruxm/hTHZZBfI88o9/1sA==",
      "peer": true,
      "dependencies": {
        "tslib": "^2.3.0"
      },
      "engines": {
        "node": "^12.20.0 || ^14.15.0 || >=16.10.0"
      },
      "peerDependencies": {
        "@angular/common": "13.3.0",
        "@angular/core": "13.3.0",
        "@angular/platform-browser": "13.3.0",
        "rxjs": "^6.5.3 || ^7.4.0"
      }
    },
    "node_modules/@floating-ui/core": {
      "version": "1.2.0",
      "resolved": "https://registry.npmjs.org/@floating-ui/core/-/core-1.2.0.tgz",
      "integrity": "sha512-GHUXPEhMEmTpnpIfesFA2KAoMJPb1SPQw964tToQwt+BbGXdhqTCWT1rOb0VURGylsxsYxiGMnseJ3IlclVpVA==",
      "peer": true
    },
    "node_modules/@floating-ui/dom": {
      "version": "1.2.0",
      "resolved": "https://registry.npmjs.org/@floating-ui/dom/-/dom-1.2.0.tgz",
      "integrity": "sha512-QXzg57o1cjLz3cGETzKXjI3kx1xyS49DW9l7kV2jw2c8Yftd434t2hllX0sVGn2Q8MtcW/4pNm8bfE1/4n6mng==",
      "peer": true,
      "dependencies": {
        "@floating-ui/core": "^1.2.0"
      }
    },
    "node_modules/@types/core-js": {
      "version": "2.5.5",
      "resolved": "https://registry.npmjs.org/@types/core-js/-/core-js-2.5.5.tgz",
      "integrity": "sha512-C4vwOHrhsvxn7UFyk4NDQNUpgNKdWsT/bL39UWyD75KSEOObZSKa9mYDOCM5FGeJG2qtbG0XiEbUKND2+j0WOg==",
      "dev": true
    },
    "node_modules/deepmerge": {
      "version": "4.3.0",
      "resolved": "https://registry.npmjs.org/deepmerge/-/deepmerge-4.3.0.tgz",
      "integrity": "sha512-z2wJZXrmeHdvYJp/Ux55wIjqo81G5Bp4c+oELTW+7ar6SogWHajt5a9gO3s3IDaGSAXjDk0vlQKN3rms8ab3og==",
      "peer": true,
      "engines": {
        "node": ">=0.10.0"
      }
    },
    "node_modules/ngx-webstorage-service": {
      "version": "5.0.0",
      "resolved": "https://registry.npmjs.org/ngx-webstorage-service/-/ngx-webstorage-service-5.0.0.tgz",
      "integrity": "sha512-adipYzdVGA1HxPF5n62eJoQGohiJRlpCp7lPuNQcOvkHGfFUByAfXZHmmLFzb5OFfeNWh1XZ8M2qppbC5uNXFQ==",
      "peer": true,
      "dependencies": {
        "tslib": "^2.3.0"
      },
      "peerDependencies": {
        "@angular/core": ">=13.0.0"
      }
    },
    "node_modules/rxjs": {
      "version": "7.5.0",
      "resolved": "https://registry.npmjs.org/rxjs/-/rxjs-7.5.0.tgz",
      "integrity": "sha512-fuCKAfFawVYX0pyFlETtYnXI+5iiY9Dftgk+VdgeOq+Qyi9ZDWckHZRDaXRt5WCNbbLkmAheoSGDiceyCIKNZA==",
      "peer": true,
      "dependencies": {
        "tslib": "^2.1.0"
      }
    },
    "node_modules/shepherd.js": {
      "version": "11.0.1",
      "resolved": "https://registry.npmjs.org/shepherd.js/-/shepherd.js-11.0.1.tgz",
      "integrity": "sha512-K387AM8A0IbEje9ZRHIGOQHLzFkMoNtQlxZp5Rgw4FGnfReq8C4mPJHX6qA5OFKg+1atI7VjGonbJDzYEghd6Q==",
      "peer": true,
      "dependencies": {
        "@floating-ui/dom": "^1.0.10",
        "deepmerge": "^4.2.2"
      },
      "engines": {
        "node": "12.* || 14.* || >= 16"
      },
      "funding": {
        "type": "individual",
        "url": "https://github.com/sponsors/rwwagner90"
      }
    },
    "node_modules/tslib": {
      "version": "2.5.0",
      "resolved": "https://registry.npmjs.org/tslib/-/tslib-2.5.0.tgz",
      "integrity": "sha512-336iVw3rtn2BUK7ORdIAHTyxHGRIHVReokCR3XjbckJMK7ms8FysBfhLR8IXnAgy7T0PTPNBWKiH514FOW/WSg=="
    },
    "node_modules/uuid": {
      "version": "9.0.0",
      "resolved": "https://registry.npmjs.org/uuid/-/uuid-9.0.0.tgz",
      "integrity": "sha512-MXcSTerfPa4uqyzStbRoTgt5XIe3x5+42+q1sDuy3R5MDk66URdLMOZe5aPX/SQd+kuYAh0FdP/pO28IkQyTeg==",
      "peer": true,
      "bin": {
        "uuid": "dist/bin/uuid"
      }
    },
    "node_modules/zone.js": {
      "version": "0.11.8",
      "resolved": "https://registry.npmjs.org/zone.js/-/zone.js-0.11.8.tgz",
      "integrity": "sha512-82bctBg2hKcEJ21humWIkXRlLBBmrc3nN7DFh5LGGhcyycO2S7FN8NmdvlcKaGFDNVL4/9kFLmwmInTavdJERA==",
      "peer": true,
      "dependencies": {
        "tslib": "^2.3.0"
      }
    }
  },
  "dependencies": {
    "@angular/common": {
      "version": "13.3.0",
      "resolved": "https://registry.npmjs.org/@angular/common/-/common-13.3.0.tgz",
      "integrity": "sha512-yl09TWBmz++Z3MKjzZIwU2wZHiedCn1DjGILjjNXegHFOfINRHiqLhHca4kGWFcTsdvcuEhd9Hk9JATqi45rjg==",
      "peer": true,
      "requires": {
        "tslib": "^2.3.0"
      }
    },
    "@angular/core": {
      "version": "13.3.0",
      "resolved": "https://registry.npmjs.org/@angular/core/-/core-13.3.0.tgz",
      "integrity": "sha512-ZnuIMEK8YFBtthNqrxapYolMp6qRy4Yp/VG+M11YNiuBp/BoYYDjTaknwO8vu36Cn6372zWjcibsknkZMjdBkg==",
      "peer": true,
      "requires": {
        "tslib": "^2.3.0"
      }
    },
    "@angular/platform-browser": {
      "version": "13.3.0",
      "resolved": "https://registry.npmjs.org/@angular/platform-browser/-/platform-browser-13.3.0.tgz",
      "integrity": "sha512-OgNVgRtqTPxzItZbJVe4NmSYKDLEKQYjGulStWl4ycQTsOKteF+sJi8gU5BvEU/KQNZItYnIQxMqTsFyS7xlRQ==",
      "peer": true,
      "requires": {
        "tslib": "^2.3.0"
      }
    },
    "@angular/router": {
      "version": "13.3.0",
      "resolved": "https://registry.npmjs.org/@angular/router/-/router-13.3.0.tgz",
      "integrity": "sha512-Kz657mtycup+s9emRH66etkBobAF26h3UDXE9pnjUM6MuVTA38P31WyTWKyWJVk8Oruxm/hTHZZBfI88o9/1sA==",
      "peer": true,
      "requires": {
        "tslib": "^2.3.0"
      }
    },
    "@floating-ui/core": {
      "version": "1.2.0",
      "resolved": "https://registry.npmjs.org/@floating-ui/core/-/core-1.2.0.tgz",
      "integrity": "sha512-GHUXPEhMEmTpnpIfesFA2KAoMJPb1SPQw964tToQwt+BbGXdhqTCWT1rOb0VURGylsxsYxiGMnseJ3IlclVpVA==",
      "peer": true
    },
    "@floating-ui/dom": {
      "version": "1.2.0",
      "resolved": "https://registry.npmjs.org/@floating-ui/dom/-/dom-1.2.0.tgz",
      "integrity": "sha512-QXzg57o1cjLz3cGETzKXjI3kx1xyS49DW9l7kV2jw2c8Yftd434t2hllX0sVGn2Q8MtcW/4pNm8bfE1/4n6mng==",
      "peer": true,
      "requires": {
        "@floating-ui/core": "^1.2.0"
      }
    },
    "@types/core-js": {
      "version": "2.5.5",
      "resolved": "https://registry.npmjs.org/@types/core-js/-/core-js-2.5.5.tgz",
      "integrity": "sha512-C4vwOHrhsvxn7UFyk4NDQNUpgNKdWsT/bL39UWyD75KSEOObZSKa9mYDOCM5FGeJG2qtbG0XiEbUKND2+j0WOg==",
      "dev": true
    },
    "deepmerge": {
      "version": "4.3.0",
      "resolved": "https://registry.npmjs.org/deepmerge/-/deepmerge-4.3.0.tgz",
      "integrity": "sha512-z2wJZXrmeHdvYJp/Ux55wIjqo81G5Bp4c+oELTW+7ar6SogWHajt5a9gO3s3IDaGSAXjDk0vlQKN3rms8ab3og==",
      "peer": true
    },
    "ngx-webstorage-service": {
      "version": "5.0.0",
      "resolved": "https://registry.npmjs.org/ngx-webstorage-service/-/ngx-webstorage-service-5.0.0.tgz",
      "integrity": "sha512-adipYzdVGA1HxPF5n62eJoQGohiJRlpCp7lPuNQcOvkHGfFUByAfXZHmmLFzb5OFfeNWh1XZ8M2qppbC5uNXFQ==",
      "peer": true,
      "requires": {
        "tslib": "^2.3.0"
      }
    },
    "rxjs": {
      "version": "7.5.0",
      "resolved": "https://registry.npmjs.org/rxjs/-/rxjs-7.5.0.tgz",
      "integrity": "sha512-fuCKAfFawVYX0pyFlETtYnXI+5iiY9Dftgk+VdgeOq+Qyi9ZDWckHZRDaXRt5WCNbbLkmAheoSGDiceyCIKNZA==",
      "peer": true,
      "requires": {
        "tslib": "^2.1.0"
      }
    },
    "shepherd.js": {
      "version": "11.0.1",
      "resolved": "https://registry.npmjs.org/shepherd.js/-/shepherd.js-11.0.1.tgz",
      "integrity": "sha512-K387AM8A0IbEje9ZRHIGOQHLzFkMoNtQlxZp5Rgw4FGnfReq8C4mPJHX6qA5OFKg+1atI7VjGonbJDzYEghd6Q==",
      "peer": true,
      "requires": {
        "@floating-ui/dom": "^1.0.10",
        "deepmerge": "^4.2.2"
      }
    },
    "tslib": {
      "version": "2.5.0",
      "resolved": "https://registry.npmjs.org/tslib/-/tslib-2.5.0.tgz",
      "integrity": "sha512-336iVw3rtn2BUK7ORdIAHTyxHGRIHVReokCR3XjbckJMK7ms8FysBfhLR8IXnAgy7T0PTPNBWKiH514FOW/WSg=="
    },
    "uuid": {
      "version": "9.0.0",
      "resolved": "https://registry.npmjs.org/uuid/-/uuid-9.0.0.tgz",
      "integrity": "sha512-MXcSTerfPa4uqyzStbRoTgt5XIe3x5+42+q1sDuy3R5MDk66URdLMOZe5aPX/SQd+kuYAh0FdP/pO28IkQyTeg==",
      "peer": true
    },
    "zone.js": {
      "version": "0.11.8",
      "resolved": "https://registry.npmjs.org/zone.js/-/zone.js-0.11.8.tgz",
      "integrity": "sha512-82bctBg2hKcEJ21humWIkXRlLBBmrc3nN7DFh5LGGhcyycO2S7FN8NmdvlcKaGFDNVL4/9kFLmwmInTavdJERA==",
      "peer": true,
      "requires": {
        "tslib": "^2.3.0"
      }
    }
  }
}
