{
  "name": "@sourceloop/user-onboarding-client",
  "version": "5.0.0",
  "lockfileVersion": 2,
  "requires": true,
  "packages": {
    "": {
      "name": "@sourceloop/user-onboarding-client",
      "version": "5.0.0",
      "license": "MIT",
      "dependencies": {
        "tslib": "^2.0.0"
      },
      "devDependencies": {
        "@types/core-js": "^2.5.4",
        "@types/node": "^20.4.2"
      },
      "peerDependencies": {
        "@angular/common": "14.0.1",
        "@angular/core": "14.0.1",
        "@angular/router": "14.0.1",
        "@videogular/ngx-videogular": "5.0.1",
        "ngx-webstorage-service": "5.0.0",
        "rxjs": "~7.5.5",
        "shepherd.js": "^10.0.0",
        "uuid": "^8.3.2"
      }
    },
    "node_modules/@angular/common": {
      "version": "14.0.1",
      "resolved": "https://registry.npmjs.org/@angular/common/-/common-14.0.1.tgz",
      "integrity": "sha512-6yT95daze55H0KLag+LgQQMGV7jGy3ggcdIEEU9H+cM4rp37kz97RNGaig5p34c1f/VMg6LaDXOK4LjAebbnBw==",
      "peer": true,
      "dependencies": {
        "tslib": "^2.3.0"
      },
      "engines": {
        "node": "^14.15.0 || >=16.10.0"
      },
      "peerDependencies": {
        "@angular/core": "14.0.1",
        "rxjs": "^6.5.3 || ^7.4.0"
      }
    },
    "node_modules/@angular/compiler": {
      "version": "14.0.1",
      "resolved": "https://registry.npmjs.org/@angular/compiler/-/compiler-14.0.1.tgz",
      "integrity": "sha512-8A7xNm5eIjovMjDKqOj0Ba15BB/A6sWruR0Tt+vSzuUmJD6mWc1BZAPXIByJkZOrusuc5FKnoicJ0aV/U8lkAg==",
      "peer": true,
      "dependencies": {
        "tslib": "^2.3.0"
      },
      "engines": {
        "node": "^14.15.0 || >=16.10.0"
      },
      "peerDependencies": {
        "@angular/core": "14.0.1"
      },
      "peerDependenciesMeta": {
        "@angular/core": {
          "optional": true
        }
      }
    },
    "node_modules/@angular/core": {
      "version": "14.0.1",
      "resolved": "https://registry.npmjs.org/@angular/core/-/core-14.0.1.tgz",
      "integrity": "sha512-72/VathVpDVEIm/T87eGF9Ng9JYOfrRVJCGhPwKvbIQZzCrg07acPwjDvtifkhKEKyMxLXv+F3bClr8WYP6c4Q==",
      "peer": true,
      "dependencies": {
        "tslib": "^2.3.0"
      },
      "engines": {
        "node": "^14.15.0 || >=16.10.0"
      },
      "peerDependencies": {
        "rxjs": "^6.5.3 || ^7.4.0",
        "zone.js": "~0.11.4"
      }
    },
    "node_modules/@angular/platform-browser": {
      "version": "14.0.1",
      "resolved": "https://registry.npmjs.org/@angular/platform-browser/-/platform-browser-14.0.1.tgz",
      "integrity": "sha512-/0xdsCbVaanP7urgMrA+9E4XYRx4Bc/AABUKy/m3C9nbl7T0C2jzuX3yGZsBpr9rzEwmImyBqExX3bKuAlMwPQ==",
      "peer": true,
      "dependencies": {
        "tslib": "^2.3.0"
      },
      "engines": {
        "node": "^14.15.0 || >=16.10.0"
      },
      "peerDependencies": {
        "@angular/animations": "14.0.1",
        "@angular/common": "14.0.1",
        "@angular/core": "14.0.1"
      },
      "peerDependenciesMeta": {
        "@angular/animations": {
          "optional": true
        }
      }
    },
    "node_modules/@angular/platform-browser-dynamic": {
      "version": "14.0.1",
      "resolved": "https://registry.npmjs.org/@angular/platform-browser-dynamic/-/platform-browser-dynamic-14.0.1.tgz",
      "integrity": "sha512-aYErZUfHnyhWrZYI/Aq9aXE2pJWXiqtSfs41GM+L2SgD9dF/463sOIw/+gOhE/Os7Fwd1OSmo6GlFwMkfZNTeg==",
      "peer": true,
      "dependencies": {
        "tslib": "^2.3.0"
      },
      "engines": {
        "node": "^14.15.0 || >=16.10.0"
      },
      "peerDependencies": {
        "@angular/common": "14.0.1",
        "@angular/compiler": "14.0.1",
        "@angular/core": "14.0.1",
        "@angular/platform-browser": "14.0.1"
      }
    },
    "node_modules/@angular/router": {
      "version": "14.0.1",
      "resolved": "https://registry.npmjs.org/@angular/router/-/router-14.0.1.tgz",
      "integrity": "sha512-FtJIe7acU6MuxoBlrl33VHKKVxePgOGnyPkRrxEHxrq8Dw6Y9JkW45Nk1t54CjcEhkkmPgSuJ2h2Jfn2fa6Vcw==",
      "peer": true,
      "dependencies": {
        "tslib": "^2.3.0"
      },
      "engines": {
        "node": "^14.15.0 || >=16.10.0"
      },
      "peerDependencies": {
        "@angular/common": "14.0.1",
        "@angular/core": "14.0.1",
        "@angular/platform-browser": "14.0.1",
        "rxjs": "^6.5.3 || ^7.4.0"
      }
    },
    "node_modules/@popperjs/core": {
      "version": "2.11.8",
      "resolved": "https://registry.npmjs.org/@popperjs/core/-/core-2.11.8.tgz",
      "integrity": "sha512-P1st0aksCrn9sGZhp8GMYwBnQsbvAWsZAX44oXNNvLHGqAOcoVxmjZiohstwQ7SqKnbR47akdNi+uleWD8+g6A==",
      "peer": true,
      "funding": {
        "type": "opencollective",
        "url": "https://opencollective.com/popperjs"
      }
    },
    "node_modules/@types/core-js": {
      "version": "2.5.5",
      "resolved": "https://registry.npmjs.org/@types/core-js/-/core-js-2.5.5.tgz",
      "integrity": "sha512-C4vwOHrhsvxn7UFyk4NDQNUpgNKdWsT/bL39UWyD75KSEOObZSKa9mYDOCM5FGeJG2qtbG0XiEbUKND2+j0WOg==",
      "dev": true
    },
    "node_modules/@types/node": {
      "version": "20.4.5",
      "resolved": "https://registry.npmjs.org/@types/node/-/node-20.4.5.tgz",
      "integrity": "sha512-rt40Nk13II9JwQBdeYqmbn2Q6IVTA5uPhvSO+JVqdXw/6/4glI6oR9ezty/A9Hg5u7JH4OmYmuQ+XvjKm0Datg==",
      "dev": true
    },
    "node_modules/@videogular/ngx-videogular": {
      "version": "5.0.1",
      "resolved": "https://registry.npmjs.org/@videogular/ngx-videogular/-/ngx-videogular-5.0.1.tgz",
      "integrity": "sha512-ITA3GZBzh0XoCAGQzucAX+q7h72z43kG8G9ZspLMAfyvl2Z2MEHMfC6ct6hzSWTfqr48x62Avl935dcdl/NgXQ==",
      "peer": true,
      "dependencies": {
        "tslib": "^1.11.1 || ^2.0.0"
      },
      "peerDependencies": {
        "@angular/common": ">=8.0.0",
        "@angular/core": ">=8.0.0",
        "@angular/platform-browser-dynamic": ">=8.0.0",
        "core-js": ">=2.5.4",
        "rxjs": ">=6.5.4",
        "zone.js": ">=0.10.2"
      }
    },
    "node_modules/core-js": {
      "version": "3.31.1",
      "resolved": "https://registry.npmjs.org/core-js/-/core-js-3.31.1.tgz",
      "integrity": "sha512-2sKLtfq1eFST7l7v62zaqXacPc7uG8ZAya8ogijLhTtaKNcpzpB4TMoTw2Si+8GYKRwFPMMtUT0263QFWFfqyQ==",
      "hasInstallScript": true,
      "peer": true,
      "funding": {
        "type": "opencollective",
        "url": "https://opencollective.com/core-js"
      }
    },
    "node_modules/deepmerge": {
      "version": "4.3.1",
      "resolved": "https://registry.npmjs.org/deepmerge/-/deepmerge-4.3.1.tgz",
      "integrity": "sha512-3sUqbMEc77XqpdNO7FRyRog+eW3ph+GYCbj+rK+uYyRMuwsVy0rMiVtPn+QJlKFvWP/1PYpapqYn0Me2knFn+A==",
      "peer": true,
      "engines": {
        "node": ">=0.10.0"
      }
    },
    "node_modules/ngx-webstorage-service": {
      "version": "5.0.0",
      "resolved": "https://registry.npmjs.org/ngx-webstorage-service/-/ngx-webstorage-service-5.0.0.tgz",
      "integrity": "sha512-adipYzdVGA1HxPF5n62eJoQGohiJRlpCp7lPuNQcOvkHGfFUByAfXZHmmLFzb5OFfeNWh1XZ8M2qppbC5uNXFQ==",
      "peer": true,
      "dependencies": {
        "tslib": "^2.3.0"
      },
      "peerDependencies": {
        "@angular/core": ">=13.0.0"
      }
    },
    "node_modules/rxjs": {
      "version": "7.5.7",
      "resolved": "https://registry.npmjs.org/rxjs/-/rxjs-7.5.7.tgz",
      "integrity": "sha512-z9MzKh/UcOqB3i20H6rtrlaE/CgjLOvheWK/9ILrbhROGTweAi1BaFsTT9FbwZi5Trr1qNRs+MXkhmR06awzQA==",
      "peer": true,
      "dependencies": {
        "tslib": "^2.1.0"
      }
    },
    "node_modules/shepherd.js": {
      "version": "10.0.1",
      "resolved": "https://registry.npmjs.org/shepherd.js/-/shepherd.js-10.0.1.tgz",
      "integrity": "sha512-R32v4b4b0N1gK/vxvRtdhty+SBZlBPcPTSYCwcaAQvFd0n6Xki7cRH6Sx0oD9WB/HCkqCNM1msyIyylXmq635w==",
      "peer": true,
      "dependencies": {
        "@popperjs/core": "^2.11.5",
        "deepmerge": "^4.2.2",
        "smoothscroll-polyfill": "^0.4.4"
      },
      "engines": {
        "node": "12.* || 14.* || >= 16"
      },
      "funding": {
        "type": "individual",
        "url": "https://github.com/sponsors/rwwagner90"
      }
    },
    "node_modules/smoothscroll-polyfill": {
      "version": "0.4.4",
      "resolved": "https://registry.npmjs.org/smoothscroll-polyfill/-/smoothscroll-polyfill-0.4.4.tgz",
      "integrity": "sha512-TK5ZA9U5RqCwMpfoMq/l1mrH0JAR7y7KRvOBx0n2869aLxch+gT9GhN3yUfjiw+d/DiF1mKo14+hd62JyMmoBg==",
      "peer": true
    },
    "node_modules/tslib": {
      "version": "2.6.1",
      "resolved": "https://registry.npmjs.org/tslib/-/tslib-2.6.1.tgz",
      "integrity": "sha512-t0hLfiEKfMUoqhG+U1oid7Pva4bbDPHYfJNiB7BiIjRkj1pyC++4N3huJfqY6aRH6VTB0rvtzQwjM4K6qpfOig=="
    },
    "node_modules/uuid": {
      "version": "8.3.2",
      "resolved": "https://registry.npmjs.org/uuid/-/uuid-8.3.2.tgz",
      "integrity": "sha512-+NYs2QeMWy+GWFOEm9xnn6HCDp0l7QBD7ml8zLUmJ+93Q5NF0NocErnwkTkXVFNiX3/fpC6afS8Dhb/gz7R7eg==",
      "peer": true,
      "bin": {
        "uuid": "dist/bin/uuid"
      }
    },
    "node_modules/zone.js": {
      "version": "0.11.8",
      "resolved": "https://registry.npmjs.org/zone.js/-/zone.js-0.11.8.tgz",
      "integrity": "sha512-82bctBg2hKcEJ21humWIkXRlLBBmrc3nN7DFh5LGGhcyycO2S7FN8NmdvlcKaGFDNVL4/9kFLmwmInTavdJERA==",
      "peer": true,
      "dependencies": {
        "tslib": "^2.3.0"
      }
    }
  },
  "dependencies": {
    "@angular/common": {
      "version": "14.0.1",
      "resolved": "https://registry.npmjs.org/@angular/common/-/common-14.0.1.tgz",
      "integrity": "sha512-6yT95daze55H0KLag+LgQQMGV7jGy3ggcdIEEU9H+cM4rp37kz97RNGaig5p34c1f/VMg6LaDXOK4LjAebbnBw==",
      "peer": true,
      "requires": {
        "tslib": "^2.3.0"
      }
    },
    "@angular/compiler": {
      "version": "14.0.1",
      "resolved": "https://registry.npmjs.org/@angular/compiler/-/compiler-14.0.1.tgz",
      "integrity": "sha512-8A7xNm5eIjovMjDKqOj0Ba15BB/A6sWruR0Tt+vSzuUmJD6mWc1BZAPXIByJkZOrusuc5FKnoicJ0aV/U8lkAg==",
      "peer": true,
      "requires": {
        "tslib": "^2.3.0"
      }
    },
    "@angular/core": {
      "version": "14.0.1",
      "resolved": "https://registry.npmjs.org/@angular/core/-/core-14.0.1.tgz",
      "integrity": "sha512-72/VathVpDVEIm/T87eGF9Ng9JYOfrRVJCGhPwKvbIQZzCrg07acPwjDvtifkhKEKyMxLXv+F3bClr8WYP6c4Q==",
      "peer": true,
      "requires": {
        "tslib": "^2.3.0"
      }
    },
    "@angular/platform-browser": {
      "version": "14.0.1",
      "resolved": "https://registry.npmjs.org/@angular/platform-browser/-/platform-browser-14.0.1.tgz",
      "integrity": "sha512-/0xdsCbVaanP7urgMrA+9E4XYRx4Bc/AABUKy/m3C9nbl7T0C2jzuX3yGZsBpr9rzEwmImyBqExX3bKuAlMwPQ==",
      "peer": true,
      "requires": {
        "tslib": "^2.3.0"
      }
    },
    "@angular/platform-browser-dynamic": {
      "version": "14.0.1",
      "resolved": "https://registry.npmjs.org/@angular/platform-browser-dynamic/-/platform-browser-dynamic-14.0.1.tgz",
      "integrity": "sha512-aYErZUfHnyhWrZYI/Aq9aXE2pJWXiqtSfs41GM+L2SgD9dF/463sOIw/+gOhE/Os7Fwd1OSmo6GlFwMkfZNTeg==",
      "peer": true,
      "requires": {
        "tslib": "^2.3.0"
      }
    },
    "@angular/router": {
      "version": "14.0.1",
      "resolved": "https://registry.npmjs.org/@angular/router/-/router-14.0.1.tgz",
      "integrity": "sha512-FtJIe7acU6MuxoBlrl33VHKKVxePgOGnyPkRrxEHxrq8Dw6Y9JkW45Nk1t54CjcEhkkmPgSuJ2h2Jfn2fa6Vcw==",
      "peer": true,
      "requires": {
        "tslib": "^2.3.0"
      }
    },
    "@popperjs/core": {
      "version": "2.11.8",
      "resolved": "https://registry.npmjs.org/@popperjs/core/-/core-2.11.8.tgz",
      "integrity": "sha512-P1st0aksCrn9sGZhp8GMYwBnQsbvAWsZAX44oXNNvLHGqAOcoVxmjZiohstwQ7SqKnbR47akdNi+uleWD8+g6A==",
      "peer": true
    },
    "@types/core-js": {
      "version": "2.5.5",
      "resolved": "https://registry.npmjs.org/@types/core-js/-/core-js-2.5.5.tgz",
      "integrity": "sha512-C4vwOHrhsvxn7UFyk4NDQNUpgNKdWsT/bL39UWyD75KSEOObZSKa9mYDOCM5FGeJG2qtbG0XiEbUKND2+j0WOg==",
      "dev": true
    },
    "@types/node": {
      "version": "20.4.5",
      "resolved": "https://registry.npmjs.org/@types/node/-/node-20.4.5.tgz",
      "integrity": "sha512-rt40Nk13II9JwQBdeYqmbn2Q6IVTA5uPhvSO+JVqdXw/6/4glI6oR9ezty/A9Hg5u7JH4OmYmuQ+XvjKm0Datg==",
      "dev": true
    },
    "@videogular/ngx-videogular": {
      "version": "5.0.1",
      "resolved": "https://registry.npmjs.org/@videogular/ngx-videogular/-/ngx-videogular-5.0.1.tgz",
      "integrity": "sha512-ITA3GZBzh0XoCAGQzucAX+q7h72z43kG8G9ZspLMAfyvl2Z2MEHMfC6ct6hzSWTfqr48x62Avl935dcdl/NgXQ==",
      "peer": true,
      "requires": {
        "tslib": "^1.11.1 || ^2.0.0"
      }
    },
    "core-js": {
      "version": "3.31.1",
      "resolved": "https://registry.npmjs.org/core-js/-/core-js-3.31.1.tgz",
      "integrity": "sha512-2sKLtfq1eFST7l7v62zaqXacPc7uG8ZAya8ogijLhTtaKNcpzpB4TMoTw2Si+8GYKRwFPMMtUT0263QFWFfqyQ==",
      "peer": true
    },
    "deepmerge": {
      "version": "4.3.1",
      "resolved": "https://registry.npmjs.org/deepmerge/-/deepmerge-4.3.1.tgz",
      "integrity": "sha512-3sUqbMEc77XqpdNO7FRyRog+eW3ph+GYCbj+rK+uYyRMuwsVy0rMiVtPn+QJlKFvWP/1PYpapqYn0Me2knFn+A==",
      "peer": true
    },
    "ngx-webstorage-service": {
      "version": "5.0.0",
      "resolved": "https://registry.npmjs.org/ngx-webstorage-service/-/ngx-webstorage-service-5.0.0.tgz",
      "integrity": "sha512-adipYzdVGA1HxPF5n62eJoQGohiJRlpCp7lPuNQcOvkHGfFUByAfXZHmmLFzb5OFfeNWh1XZ8M2qppbC5uNXFQ==",
      "peer": true,
      "requires": {
        "tslib": "^2.3.0"
      }
    },
    "rxjs": {
      "version": "7.5.7",
      "resolved": "https://registry.npmjs.org/rxjs/-/rxjs-7.5.7.tgz",
      "integrity": "sha512-z9MzKh/UcOqB3i20H6rtrlaE/CgjLOvheWK/9ILrbhROGTweAi1BaFsTT9FbwZi5Trr1qNRs+MXkhmR06awzQA==",
      "peer": true,
      "requires": {
        "tslib": "^2.1.0"
      }
    },
    "shepherd.js": {
      "version": "10.0.1",
      "resolved": "https://registry.npmjs.org/shepherd.js/-/shepherd.js-10.0.1.tgz",
      "integrity": "sha512-R32v4b4b0N1gK/vxvRtdhty+SBZlBPcPTSYCwcaAQvFd0n6Xki7cRH6Sx0oD9WB/HCkqCNM1msyIyylXmq635w==",
      "peer": true,
      "requires": {
        "@popperjs/core": "^2.11.5",
        "deepmerge": "^4.2.2",
        "smoothscroll-polyfill": "^0.4.4"
      }
    },
    "smoothscroll-polyfill": {
      "version": "0.4.4",
      "resolved": "https://registry.npmjs.org/smoothscroll-polyfill/-/smoothscroll-polyfill-0.4.4.tgz",
      "integrity": "sha512-TK5ZA9U5RqCwMpfoMq/l1mrH0JAR7y7KRvOBx0n2869aLxch+gT9GhN3yUfjiw+d/DiF1mKo14+hd62JyMmoBg==",
      "peer": true
    },
    "tslib": {
      "version": "2.6.1",
      "resolved": "https://registry.npmjs.org/tslib/-/tslib-2.6.1.tgz",
      "integrity": "sha512-t0hLfiEKfMUoqhG+U1oid7Pva4bbDPHYfJNiB7BiIjRkj1pyC++4N3huJfqY6aRH6VTB0rvtzQwjM4K6qpfOig=="
    },
    "uuid": {
      "version": "8.3.2",
      "resolved": "https://registry.npmjs.org/uuid/-/uuid-8.3.2.tgz",
      "integrity": "sha512-+NYs2QeMWy+GWFOEm9xnn6HCDp0l7QBD7ml8zLUmJ+93Q5NF0NocErnwkTkXVFNiX3/fpC6afS8Dhb/gz7R7eg==",
      "peer": true
    },
    "zone.js": {
      "version": "0.11.8",
      "resolved": "https://registry.npmjs.org/zone.js/-/zone.js-0.11.8.tgz",
      "integrity": "sha512-82bctBg2hKcEJ21humWIkXRlLBBmrc3nN7DFh5LGGhcyycO2S7FN8NmdvlcKaGFDNVL4/9kFLmwmInTavdJERA==",
      "peer": true,
      "requires": {
        "tslib": "^2.3.0"
      }
    }
  }
}
