{
  "name": "@sourceloop/user-onboarding-client",
  "version": "0.0.1",
  "lockfileVersion": 2,
  "requires": true,
  "packages": {
    "": {
      "name": "@sourceloop/user-onboarding-client",
      "version": "0.0.1",
      "dependencies": {
        "@videogular/ngx-videogular": "^3.0.1",
        "tslib": "^2.0.0"
      },
      "devDependencies": {
        "@types/core-js": "^2.5.4"
      },
      "peerDependencies": {
        "@angular/common": "^11.2.12",
        "@angular/core": "^11.2.12",
        "ngx-webstorage-service": "^4.1.0",
        "rxjs": "~6.6.0",
        "shepherd.js": "^8.3.1"
      }
    },
    "node_modules/@angular/common": {
      "version": "11.2.14",
      "resolved": "https://registry.npmjs.org/@angular/common/-/common-11.2.14.tgz",
      "integrity": "sha512-ZSLV/3j7eCTyLf/8g4yBFLWySjiLz3vLJAGWscYoUpnJWMnug1VRu6zoF/COxCbtORgE+Wz6K0uhfS6MziBGVw==",
      "peer": true,
      "dependencies": {
        "tslib": "^2.0.0"
      },
      "peerDependencies": {
        "@angular/core": "11.2.14",
        "rxjs": "^6.5.3"
      }
    },
    "node_modules/@angular/compiler": {
      "version": "11.2.14",
      "resolved": "https://registry.npmjs.org/@angular/compiler/-/compiler-11.2.14.tgz",
      "integrity": "sha512-XBOK3HgA+/y6Cz7kOX4zcJYmgJ264XnfcbXUMU2cD7Ac+mbNhLPKohWrEiSWalfcjnpf5gRfufQrQP7lpAGu0A==",
      "peer": true,
      "dependencies": {
        "tslib": "^2.0.0"
      }
    },
    "node_modules/@angular/core": {
      "version": "11.2.14",
      "resolved": "https://registry.npmjs.org/@angular/core/-/core-11.2.14.tgz",
      "integrity": "sha512-vpR4XqBGitk1Faph37CSpemwIYTmJ3pdIVNoHKP6jLonpWu+0azkchf0f7oD8/2ivj2F81opcIw0tcsy/D/5Vg==",
      "peer": true,
      "dependencies": {
        "tslib": "^2.0.0"
      },
      "peerDependencies": {
        "rxjs": "^6.5.3",
        "zone.js": "^0.10.2 || ^0.11.3"
      }
    },
    "node_modules/@angular/platform-browser": {
      "version": "11.2.14",
      "resolved": "https://registry.npmjs.org/@angular/platform-browser/-/platform-browser-11.2.14.tgz",
      "integrity": "sha512-fb7b7ss/gRoP8wLAN17W62leMgjynuyjEPU2eUoAAazsG9f2cgM+z3rK29GYncDVyYQxZUZYnjSqvL6GSXx86A==",
      "peer": true,
      "dependencies": {
        "tslib": "^2.0.0"
      },
      "peerDependencies": {
        "@angular/animations": "11.2.14",
        "@angular/common": "11.2.14",
        "@angular/core": "11.2.14"
      },
      "peerDependenciesMeta": {
        "@angular/animations": {
          "optional": true
        }
      }
    },
    "node_modules/@angular/platform-browser-dynamic": {
      "version": "11.2.14",
      "resolved": "https://registry.npmjs.org/@angular/platform-browser-dynamic/-/platform-browser-dynamic-11.2.14.tgz",
      "integrity": "sha512-TWTPdFs6iBBcp+/YMsgCRQwdHpWGq8KjeJDJ2tfatGgBD3Gqt2YaHOMST1zPW6RkrmupytTejuVqXzeaKWFxuw==",
      "peer": true,
      "dependencies": {
        "tslib": "^2.0.0"
      },
      "peerDependencies": {
        "@angular/common": "11.2.14",
        "@angular/compiler": "11.2.14",
        "@angular/core": "11.2.14",
        "@angular/platform-browser": "11.2.14"
      }
    },
    "node_modules/@popperjs/core": {
      "version": "2.9.2",
      "resolved": "https://registry.npmjs.org/@popperjs/core/-/core-2.9.2.tgz",
      "integrity": "sha512-VZMYa7+fXHdwIq1TDhSXoVmSPEGM/aa+6Aiq3nVVJ9bXr24zScr+NlKFKC3iPljA7ho/GAZr+d2jOf5GIRC30Q==",
      "peer": true,
      "funding": {
        "type": "opencollective",
        "url": "https://opencollective.com/popperjs"
      }
    },
    "node_modules/@types/core-js": {
      "version": "2.5.4",
      "resolved": "https://registry.npmjs.org/@types/core-js/-/core-js-2.5.4.tgz",
      "integrity": "sha512-Xwy8o12ak+iYgFr/KCVaVK5Sy+jFMiiPAID3+ObvMlBzy26XQJw5xu+a6rlHsrJENXj/AwJOGsJpVohUjAzSKQ==",
      "dev": true
    },
    "node_modules/@videogular/ngx-videogular": {
      "version": "3.0.1",
      "resolved": "https://registry.npmjs.org/@videogular/ngx-videogular/-/ngx-videogular-3.0.1.tgz",
      "integrity": "sha512-VgXLwyWUMdNXBw1wpRmdtRcmxiPoPLFtvuVFrG43X+6DJRg6vStwtHcUgV9yZwZVYKAlueKrL1SoWtTIpD80Fw==",
      "dependencies": {
        "tslib": "^1.11.1 || ^2.0.0"
      },
      "peerDependencies": {
        "@angular/common": "^8.0.0 || ^9.0.0 || ^10.0.0 || ^11.0.0",
        "@angular/core": "^8.0.0 || ^9.0.0 || ^10.0.0 || ^11.0.0",
        "@angular/platform-browser-dynamic": "^8.0.0 || ^9.0.0 || ^10.0.0 || ^11.0.0",
        "core-js": "^2.5.4 || ^3.8.1",
        "rxjs": "^6.5.4",
        "zone.js": "^0.10.2 || ^0.11.3"
      }
    },
    "node_modules/core-js": {
      "version": "3.15.0",
      "resolved": "https://registry.npmjs.org/core-js/-/core-js-3.15.0.tgz",
      "integrity": "sha512-GUbtPllXMYRzIgHNZ4dTYTcUemls2cni83Q4Q/TrFONHfhcg9oEGOtaGHfb0cpzec60P96UKPvMkjX1jET8rUw==",
      "hasInstallScript": true,
      "peer": true,
      "funding": {
        "type": "opencollective",
        "url": "https://opencollective.com/core-js"
      }
    },
    "node_modules/deepmerge": {
      "version": "4.2.2",
      "resolved": "https://registry.npmjs.org/deepmerge/-/deepmerge-4.2.2.tgz",
      "integrity": "sha512-FJ3UgI4gIl+PHZm53knsuSFpE+nESMr7M4v9QcgB7S63Kj/6WqMiFQJpBBYz1Pt+66bZpP3Q7Lye0Oo9MPKEdg==",
      "peer": true,
      "engines": {
        "node": ">=0.10.0"
      }
    },
    "node_modules/ngx-webstorage-service": {
      "version": "4.1.0",
      "resolved": "https://registry.npmjs.org/ngx-webstorage-service/-/ngx-webstorage-service-4.1.0.tgz",
      "integrity": "sha512-t0aO4X8rqesLqypU8ZK2W7xGVbpi/z7u/Xg7qhnLoKVauI29NFzdKxV2oaYZmpkxIpgdbLSsIfklkjgxIM0IFA==",
      "peer": true,
      "dependencies": {
        "tslib": "^1.9.0"
      },
      "peerDependencies": {
        "@angular/core": ">=7.0.0"
      }
    },
    "node_modules/ngx-webstorage-service/node_modules/tslib": {
      "version": "1.14.1",
      "resolved": "https://registry.npmjs.org/tslib/-/tslib-1.14.1.tgz",
      "integrity": "sha512-Xni35NKzjgMrwevysHTCArtLDpPvye8zV/0E4EyYn43P7/7qvQwPh9BGkHewbMulVntbigmcT7rdX3BNo9wRJg==",
      "peer": true
    },
    "node_modules/rxjs": {
      "version": "6.6.7",
      "resolved": "https://registry.npmjs.org/rxjs/-/rxjs-6.6.7.tgz",
      "integrity": "sha512-hTdwr+7yYNIT5n4AMYp85KA6yw2Va0FLa3Rguvbpa4W3I5xynaBZo41cM3XM+4Q6fRMj3sBYIR1VAmZMXYJvRQ==",
      "peer": true,
      "dependencies": {
        "tslib": "^1.9.0"
      },
      "engines": {
        "npm": ">=2.0.0"
      }
    },
    "node_modules/rxjs/node_modules/tslib": {
      "version": "1.14.1",
      "resolved": "https://registry.npmjs.org/tslib/-/tslib-1.14.1.tgz",
      "integrity": "sha512-Xni35NKzjgMrwevysHTCArtLDpPvye8zV/0E4EyYn43P7/7qvQwPh9BGkHewbMulVntbigmcT7rdX3BNo9wRJg==",
      "peer": true
    },
    "node_modules/shepherd.js": {
      "version": "8.3.1",
      "resolved": "https://registry.npmjs.org/shepherd.js/-/shepherd.js-8.3.1.tgz",
      "integrity": "sha512-IhxZNhnK2m/pNTXudNfYrcwvcZNWkeYngQbQee8nC3xJ2GjeIatGqivhdZAMZ+LeogZvKMakB931d/V534uhrw==",
      "peer": true,
      "dependencies": {
        "@popperjs/core": "^2.9.2",
        "deepmerge": "^4.2.2",
        "smoothscroll-polyfill": "^0.4.4"
      },
      "engines": {
        "node": "10.* || >= 12"
      },
      "funding": {
        "type": "individual",
        "url": "https://github.com/sponsors/rwwagner90"
      }
    },
    "node_modules/smoothscroll-polyfill": {
      "version": "0.4.4",
      "resolved": "https://registry.npmjs.org/smoothscroll-polyfill/-/smoothscroll-polyfill-0.4.4.tgz",
      "integrity": "sha512-TK5ZA9U5RqCwMpfoMq/l1mrH0JAR7y7KRvOBx0n2869aLxch+gT9GhN3yUfjiw+d/DiF1mKo14+hd62JyMmoBg==",
      "peer": true
    },
    "node_modules/tslib": {
      "version": "2.3.0",
      "resolved": "https://registry.npmjs.org/tslib/-/tslib-2.3.0.tgz",
      "integrity": "sha512-N82ooyxVNm6h1riLCoyS9e3fuJ3AMG2zIZs2Gd1ATcSFjSA23Q0fzjjZeh0jbJvWVDZ0cJT8yaNNaaXHzueNjg=="
    },
    "node_modules/zone.js": {
      "version": "0.11.4",
      "resolved": "https://registry.npmjs.org/zone.js/-/zone.js-0.11.4.tgz",
      "integrity": "sha512-DDh2Ab+A/B+9mJyajPjHFPWfYU1H+pdun4wnnk0OcQTNjem1XQSZ2CDW+rfZEUDjv5M19SBqAkjZi0x5wuB5Qw==",
      "peer": true,
      "dependencies": {
        "tslib": "^2.0.0"
      }
    }
  },
  "dependencies": {
    "@angular/common": {
      "version": "11.2.14",
      "resolved": "https://registry.npmjs.org/@angular/common/-/common-11.2.14.tgz",
      "integrity": "sha512-ZSLV/3j7eCTyLf/8g4yBFLWySjiLz3vLJAGWscYoUpnJWMnug1VRu6zoF/COxCbtORgE+Wz6K0uhfS6MziBGVw==",
      "peer": true,
      "requires": {
        "tslib": "^2.0.0"
      }
    },
    "@angular/compiler": {
      "version": "11.2.14",
      "resolved": "https://registry.npmjs.org/@angular/compiler/-/compiler-11.2.14.tgz",
      "integrity": "sha512-XBOK3HgA+/y6Cz7kOX4zcJYmgJ264XnfcbXUMU2cD7Ac+mbNhLPKohWrEiSWalfcjnpf5gRfufQrQP7lpAGu0A==",
      "peer": true,
      "requires": {
        "tslib": "^2.0.0"
      }
    },
    "@angular/core": {
      "version": "11.2.14",
      "resolved": "https://registry.npmjs.org/@angular/core/-/core-11.2.14.tgz",
      "integrity": "sha512-vpR4XqBGitk1Faph37CSpemwIYTmJ3pdIVNoHKP6jLonpWu+0azkchf0f7oD8/2ivj2F81opcIw0tcsy/D/5Vg==",
      "peer": true,
      "requires": {
        "tslib": "^2.0.0"
      }
    },
    "@angular/platform-browser": {
      "version": "11.2.14",
      "resolved": "https://registry.npmjs.org/@angular/platform-browser/-/platform-browser-11.2.14.tgz",
      "integrity": "sha512-fb7b7ss/gRoP8wLAN17W62leMgjynuyjEPU2eUoAAazsG9f2cgM+z3rK29GYncDVyYQxZUZYnjSqvL6GSXx86A==",
      "peer": true,
      "requires": {
        "tslib": "^2.0.0"
      }
    },
    "@angular/platform-browser-dynamic": {
      "version": "11.2.14",
      "resolved": "https://registry.npmjs.org/@angular/platform-browser-dynamic/-/platform-browser-dynamic-11.2.14.tgz",
      "integrity": "sha512-TWTPdFs6iBBcp+/YMsgCRQwdHpWGq8KjeJDJ2tfatGgBD3Gqt2YaHOMST1zPW6RkrmupytTejuVqXzeaKWFxuw==",
      "peer": true,
      "requires": {
        "tslib": "^2.0.0"
      }
    },
    "@popperjs/core": {
      "version": "2.9.2",
      "resolved": "https://registry.npmjs.org/@popperjs/core/-/core-2.9.2.tgz",
      "integrity": "sha512-VZMYa7+fXHdwIq1TDhSXoVmSPEGM/aa+6Aiq3nVVJ9bXr24zScr+NlKFKC3iPljA7ho/GAZr+d2jOf5GIRC30Q==",
      "peer": true
    },
    "@types/core-js": {
      "version": "2.5.4",
      "resolved": "https://registry.npmjs.org/@types/core-js/-/core-js-2.5.4.tgz",
      "integrity": "sha512-Xwy8o12ak+iYgFr/KCVaVK5Sy+jFMiiPAID3+ObvMlBzy26XQJw5xu+a6rlHsrJENXj/AwJOGsJpVohUjAzSKQ==",
      "dev": true
    },
    "@videogular/ngx-videogular": {
      "version": "3.0.1",
      "resolved": "https://registry.npmjs.org/@videogular/ngx-videogular/-/ngx-videogular-3.0.1.tgz",
      "integrity": "sha512-VgXLwyWUMdNXBw1wpRmdtRcmxiPoPLFtvuVFrG43X+6DJRg6vStwtHcUgV9yZwZVYKAlueKrL1SoWtTIpD80Fw==",
      "requires": {
        "tslib": "^1.11.1 || ^2.0.0"
      }
    },
    "core-js": {
      "version": "3.15.0",
      "resolved": "https://registry.npmjs.org/core-js/-/core-js-3.15.0.tgz",
      "integrity": "sha512-GUbtPllXMYRzIgHNZ4dTYTcUemls2cni83Q4Q/TrFONHfhcg9oEGOtaGHfb0cpzec60P96UKPvMkjX1jET8rUw==",
      "peer": true
    },
    "deepmerge": {
      "version": "4.2.2",
      "resolved": "https://registry.npmjs.org/deepmerge/-/deepmerge-4.2.2.tgz",
      "integrity": "sha512-FJ3UgI4gIl+PHZm53knsuSFpE+nESMr7M4v9QcgB7S63Kj/6WqMiFQJpBBYz1Pt+66bZpP3Q7Lye0Oo9MPKEdg==",
      "peer": true
    },
    "ngx-webstorage-service": {
      "version": "4.1.0",
      "resolved": "https://registry.npmjs.org/ngx-webstorage-service/-/ngx-webstorage-service-4.1.0.tgz",
      "integrity": "sha512-t0aO4X8rqesLqypU8ZK2W7xGVbpi/z7u/Xg7qhnLoKVauI29NFzdKxV2oaYZmpkxIpgdbLSsIfklkjgxIM0IFA==",
      "peer": true,
      "requires": {
        "tslib": "^1.9.0"
      },
      "dependencies": {
        "tslib": {
          "version": "1.14.1",
          "resolved": "https://registry.npmjs.org/tslib/-/tslib-1.14.1.tgz",
          "integrity": "sha512-Xni35NKzjgMrwevysHTCArtLDpPvye8zV/0E4EyYn43P7/7qvQwPh9BGkHewbMulVntbigmcT7rdX3BNo9wRJg==",
          "peer": true
        }
      }
    },
    "rxjs": {
      "version": "6.6.7",
      "resolved": "https://registry.npmjs.org/rxjs/-/rxjs-6.6.7.tgz",
      "integrity": "sha512-hTdwr+7yYNIT5n4AMYp85KA6yw2Va0FLa3Rguvbpa4W3I5xynaBZo41cM3XM+4Q6fRMj3sBYIR1VAmZMXYJvRQ==",
      "peer": true,
      "requires": {
        "tslib": "^1.9.0"
      },
      "dependencies": {
        "tslib": {
          "version": "1.14.1",
          "resolved": "https://registry.npmjs.org/tslib/-/tslib-1.14.1.tgz",
          "integrity": "sha512-Xni35NKzjgMrwevysHTCArtLDpPvye8zV/0E4EyYn43P7/7qvQwPh9BGkHewbMulVntbigmcT7rdX3BNo9wRJg==",
          "peer": true
        }
      }
    },
    "shepherd.js": {
      "version": "8.3.1",
      "resolved": "https://registry.npmjs.org/shepherd.js/-/shepherd.js-8.3.1.tgz",
      "integrity": "sha512-IhxZNhnK2m/pNTXudNfYrcwvcZNWkeYngQbQee8nC3xJ2GjeIatGqivhdZAMZ+LeogZvKMakB931d/V534uhrw==",
      "peer": true,
      "requires": {
        "@popperjs/core": "^2.9.2",
        "deepmerge": "^4.2.2",
        "smoothscroll-polyfill": "^0.4.4"
      }
    },
    "smoothscroll-polyfill": {
      "version": "0.4.4",
      "resolved": "https://registry.npmjs.org/smoothscroll-polyfill/-/smoothscroll-polyfill-0.4.4.tgz",
      "integrity": "sha512-TK5ZA9U5RqCwMpfoMq/l1mrH0JAR7y7KRvOBx0n2869aLxch+gT9GhN3yUfjiw+d/DiF1mKo14+hd62JyMmoBg==",
      "peer": true
    },
    "tslib": {
      "version": "2.3.0",
      "resolved": "https://registry.npmjs.org/tslib/-/tslib-2.3.0.tgz",
      "integrity": "sha512-N82ooyxVNm6h1riLCoyS9e3fuJ3AMG2zIZs2Gd1ATcSFjSA23Q0fzjjZeh0jbJvWVDZ0cJT8yaNNaaXHzueNjg=="
    },
    "zone.js": {
      "version": "0.11.4",
      "resolved": "https://registry.npmjs.org/zone.js/-/zone.js-0.11.4.tgz",
      "integrity": "sha512-DDh2Ab+A/B+9mJyajPjHFPWfYU1H+pdun4wnnk0OcQTNjem1XQSZ2CDW+rfZEUDjv5M19SBqAkjZi0x5wuB5Qw==",
      "peer": true,
      "requires": {
        "tslib": "^2.0.0"
      }
    }
  }
}
